// !$*UTF8*$!
{
	archiveVersion = 1;
	classes = {
	};
	objectVersion = 46;
	objects = {

/* Begin PBXBuildFile section */
		C726D0921ABBC853008F0C00 /* debughacks.cpp in Sources */ = {isa = PBXBuildFile; fileRef = C726D0901ABBC84B008F0C00 /* debughacks.cpp */; };
		C726D0B81ABBC86D008F0C00 /* block_binary.cpp in Sources */ = {isa = PBXBuildFile; fileRef = C726D0931ABBC86D008F0C00 /* block_binary.cpp */; };
		C726D0B91ABBC86D008F0C00 /* block_blas1.cpp in Sources */ = {isa = PBXBuildFile; fileRef = C726D0941ABBC86D008F0C00 /* block_blas1.cpp */; };
		C726D0BA1ABBC86D008F0C00 /* block_blas2.cpp in Sources */ = {isa = PBXBuildFile; fileRef = C726D0951ABBC86D008F0C00 /* block_blas2.cpp */; };
		C726D0BB1ABBC86D008F0C00 /* block_blas3.cpp in Sources */ = {isa = PBXBuildFile; fileRef = C726D0961ABBC86D008F0C00 /* block_blas3.cpp */; };
		C726D0BC1ABBC86D008F0C00 /* block_convert.cpp in Sources */ = {isa = PBXBuildFile; fileRef = C726D0971ABBC86D008F0C00 /* block_convert.cpp */; };
		C726D0BD1ABBC86D008F0C00 /* block_reduce.cpp in Sources */ = {isa = PBXBuildFile; fileRef = C726D0981ABBC86D008F0C00 /* block_reduce.cpp */; };
		C726D0BE1ABBC86D008F0C00 /* block_sort.cpp in Sources */ = {isa = PBXBuildFile; fileRef = C726D0991ABBC86D008F0C00 /* block_sort.cpp */; };
		C726D0BF1ABBC86D008F0C00 /* block_tools.cpp in Sources */ = {isa = PBXBuildFile; fileRef = C726D09A1ABBC86D008F0C00 /* block_tools.cpp */; };
		C726D0C01ABBC86D008F0C00 /* block_unary.cpp in Sources */ = {isa = PBXBuildFile; fileRef = C726D09B1ABBC86D008F0C00 /* block_unary.cpp */; };
		C726D0C11ABBC86D008F0C00 /* convolve.cpp in Sources */ = {isa = PBXBuildFile; fileRef = C726D09C1ABBC86D008F0C00 /* convolve.cpp */; };
		C726D0C21ABBC86D008F0C00 /* core.cpp in Sources */ = {isa = PBXBuildFile; fileRef = C726D09D1ABBC86D008F0C00 /* core.cpp */; };
		C726D0C31ABBC86D008F0C00 /* decomp_cholesky.cpp in Sources */ = {isa = PBXBuildFile; fileRef = C726D09E1ABBC86D008F0C00 /* decomp_cholesky.cpp */; };
		C726D0C41ABBC86D008F0C00 /* decomp_eigen.cpp in Sources */ = {isa = PBXBuildFile; fileRef = C726D09F1ABBC86D008F0C00 /* decomp_eigen.cpp */; };
		C726D0C51ABBC86D008F0C00 /* decomp_lu.cpp in Sources */ = {isa = PBXBuildFile; fileRef = C726D0A01ABBC86D008F0C00 /* decomp_lu.cpp */; };
		C726D0C61ABBC86D008F0C00 /* decomp_qr.cpp in Sources */ = {isa = PBXBuildFile; fileRef = C726D0A11ABBC86D008F0C00 /* decomp_qr.cpp */; };
		C726D0C71ABBC86D008F0C00 /* decomp_svd.cpp in Sources */ = {isa = PBXBuildFile; fileRef = C726D0A21ABBC86D008F0C00 /* decomp_svd.cpp */; };
		C726D0C81ABBC86D008F0C00 /* decomp_tools.cpp in Sources */ = {isa = PBXBuildFile; fileRef = C726D0A31ABBC86D008F0C00 /* decomp_tools.cpp */; };
		C726D0C91ABBC86D008F0C00 /* decomp_tridiag.cpp in Sources */ = {isa = PBXBuildFile; fileRef = C726D0A41ABBC86D008F0C00 /* decomp_tridiag.cpp */; };
		C726D0CA1ABBC86D008F0C00 /* fft.cpp in Sources */ = {isa = PBXBuildFile; fileRef = C726D0A51ABBC86D008F0C00 /* fft.cpp */; };
		C726D0CB1ABBC86D008F0C00 /* geometry.cpp in Sources */ = {isa = PBXBuildFile; fileRef = C726D0A61ABBC86D008F0C00 /* geometry.cpp */; };
		C726D0CC1ABBC86D008F0C00 /* matrix_io.cpp in Sources */ = {isa = PBXBuildFile; fileRef = C726D0A71ABBC86D008F0C00 /* matrix_io.cpp */; };
		C726D0CD1ABBC86D008F0C00 /* matrix.cpp in Sources */ = {isa = PBXBuildFile; fileRef = C726D0A81ABBC86D008F0C00 /* matrix.cpp */; };
		C726D0CE1ABBC86D008F0C00 /* opt_bfgs.cpp in Sources */ = {isa = PBXBuildFile; fileRef = C726D0A91ABBC86D008F0C00 /* opt_bfgs.cpp */; };
		C726D0CF1ABBC86D008F0C00 /* opt_conjgrad.cpp in Sources */ = {isa = PBXBuildFile; fileRef = C726D0AA1ABBC86D008F0C00 /* opt_conjgrad.cpp */; };
		C726D0D01ABBC86D008F0C00 /* opt_lbfgs.cpp in Sources */ = {isa = PBXBuildFile; fileRef = C726D0AB1ABBC86D008F0C00 /* opt_lbfgs.cpp */; };
		C726D0D11ABBC86D008F0C00 /* opt_levmarq.cpp in Sources */ = {isa = PBXBuildFile; fileRef = C726D0AC1ABBC86D008F0C00 /* opt_levmarq.cpp */; };
		C726D0D21ABBC86D008F0C00 /* opt_linemin.cpp in Sources */ = {isa = PBXBuildFile; fileRef = C726D0AD1ABBC86D008F0C00 /* opt_linemin.cpp */; };
		C726D0D31ABBC86D008F0C00 /* opt_powell.cpp in Sources */ = {isa = PBXBuildFile; fileRef = C726D0AE1ABBC86D008F0C00 /* opt_powell.cpp */; };
		C726D0D41ABBC86D008F0C00 /* opt_stochastic.cpp in Sources */ = {isa = PBXBuildFile; fileRef = C726D0AF1ABBC86D008F0C00 /* opt_stochastic.cpp */; };
		C726D0D51ABBC86D008F0C00 /* opt_vstepgrad.cpp in Sources */ = {isa = PBXBuildFile; fileRef = C726D0B01ABBC86D008F0C00 /* opt_vstepgrad.cpp */; };
		C726D0D61ABBC86D008F0C00 /* permute.cpp in Sources */ = {isa = PBXBuildFile; fileRef = C726D0B11ABBC86D008F0C00 /* permute.cpp */; };
		C726D0D71ABBC86D008F0C00 /* quaternion.cpp in Sources */ = {isa = PBXBuildFile; fileRef = C726D0B21ABBC86D008F0C00 /* quaternion.cpp */; };
		C726D0D81ABBC86D008F0C00 /* solve.cpp in Sources */ = {isa = PBXBuildFile; fileRef = C726D0B31ABBC86D008F0C00 /* solve.cpp */; };
		C726D0D91ABBC86D008F0C00 /* stats.cpp in Sources */ = {isa = PBXBuildFile; fileRef = C726D0B41ABBC86D008F0C00 /* stats.cpp */; };
		C726D0DA1ABBC86D008F0C00 /* time.cpp in Sources */ = {isa = PBXBuildFile; fileRef = C726D0B51ABBC86D008F0C00 /* time.cpp */; };
		C726D0DB1ABBC86D008F0C00 /* utils.cpp in Sources */ = {isa = PBXBuildFile; fileRef = C726D0B61ABBC86D008F0C00 /* utils.cpp */; };
		C726D0DC1ABBC86D008F0C00 /* vector.cpp in Sources */ = {isa = PBXBuildFile; fileRef = C726D0B71ABBC86D008F0C00 /* vector.cpp */; };
		C726D1071ABBC88B008F0C00 /* block_binary.h in Headers */ = {isa = PBXBuildFile; fileRef = C726D0DD1ABBC88B008F0C00 /* block_binary.h */; };
		C726D1081ABBC88B008F0C00 /* block_blas1.h in Headers */ = {isa = PBXBuildFile; fileRef = C726D0DE1ABBC88B008F0C00 /* block_blas1.h */; };
		C726D1091ABBC88B008F0C00 /* block_blas2.h in Headers */ = {isa = PBXBuildFile; fileRef = C726D0DF1ABBC88B008F0C00 /* block_blas2.h */; };
		C726D10A1ABBC88B008F0C00 /* block_blas3.h in Headers */ = {isa = PBXBuildFile; fileRef = C726D0E01ABBC88B008F0C00 /* block_blas3.h */; };
		C726D10B1ABBC88B008F0C00 /* block_convert.h in Headers */ = {isa = PBXBuildFile; fileRef = C726D0E11ABBC88B008F0C00 /* block_convert.h */; };
		C726D10C1ABBC88B008F0C00 /* block_generic.h in Headers */ = {isa = PBXBuildFile; fileRef = C726D0E21ABBC88B008F0C00 /* block_generic.h */; };
		C726D10D1ABBC88B008F0C00 /* block_loop.h in Headers */ = {isa = PBXBuildFile; fileRef = C726D0E31ABBC88B008F0C00 /* block_loop.h */; };
		C726D10E1ABBC88B008F0C00 /* block_reduce.h in Headers */ = {isa = PBXBuildFile; fileRef = C726D0E41ABBC88B008F0C00 /* block_reduce.h */; };
		C726D10F1ABBC88B008F0C00 /* block_sort.h in Headers */ = {isa = PBXBuildFile; fileRef = C726D0E51ABBC88B008F0C00 /* block_sort.h */; };
		C726D1101ABBC88B008F0C00 /* block_tools.h in Headers */ = {isa = PBXBuildFile; fileRef = C726D0E61ABBC88B008F0C00 /* block_tools.h */; };
		C726D1111ABBC88B008F0C00 /* block_unary.h in Headers */ = {isa = PBXBuildFile; fileRef = C726D0E71ABBC88B008F0C00 /* block_unary.h */; };
		C726D1121ABBC88B008F0C00 /* convolve.h in Headers */ = {isa = PBXBuildFile; fileRef = C726D0E81ABBC88B008F0C00 /* convolve.h */; };
		C726D1131ABBC88B008F0C00 /* decomp_cholesky.h in Headers */ = {isa = PBXBuildFile; fileRef = C726D0E91ABBC88B008F0C00 /* decomp_cholesky.h */; };
		C726D1141ABBC88B008F0C00 /* decomp_eigen.h in Headers */ = {isa = PBXBuildFile; fileRef = C726D0EA1ABBC88B008F0C00 /* decomp_eigen.h */; };
		C726D1151ABBC88B008F0C00 /* decomp_lu.h in Headers */ = {isa = PBXBuildFile; fileRef = C726D0EB1ABBC88B008F0C00 /* decomp_lu.h */; };
		C726D1161ABBC88B008F0C00 /* decomp_qr.h in Headers */ = {isa = PBXBuildFile; fileRef = C726D0EC1ABBC88B008F0C00 /* decomp_qr.h */; };
		C726D1171ABBC88B008F0C00 /* decomp_svd.h in Headers */ = {isa = PBXBuildFile; fileRef = C726D0ED1ABBC88B008F0C00 /* decomp_svd.h */; };
		C726D1181ABBC88B008F0C00 /* decomp_tools.h in Headers */ = {isa = PBXBuildFile; fileRef = C726D0EE1ABBC88B008F0C00 /* decomp_tools.h */; };
		C726D1191ABBC88B008F0C00 /* decomp_tridiag.h in Headers */ = {isa = PBXBuildFile; fileRef = C726D0EF1ABBC88B008F0C00 /* decomp_tridiag.h */; };
		C726D11A1ABBC88B008F0C00 /* fft.h in Headers */ = {isa = PBXBuildFile; fileRef = C726D0F01ABBC88B008F0C00 /* fft.h */; };
		C726D11B1ABBC88B008F0C00 /* geometry.h in Headers */ = {isa = PBXBuildFile; fileRef = C726D0F11ABBC88B008F0C00 /* geometry.h */; };
		C726D11C1ABBC88B008F0C00 /* matrix_io.h in Headers */ = {isa = PBXBuildFile; fileRef = C726D0F21ABBC88B008F0C00 /* matrix_io.h */; };
		C726D11D1ABBC88B008F0C00 /* matrix_view.h in Headers */ = {isa = PBXBuildFile; fileRef = C726D0F31ABBC88B008F0C00 /* matrix_view.h */; };
		C726D11E1ABBC88B008F0C00 /* matrix.h in Headers */ = {isa = PBXBuildFile; fileRef = C726D0F41ABBC88B008F0C00 /* matrix.h */; };
		C726D11F1ABBC88B008F0C00 /* mem.h in Headers */ = {isa = PBXBuildFile; fileRef = C726D0F51ABBC88B008F0C00 /* mem.h */; };
		C726D1201ABBC88B008F0C00 /* opt_bfgs.h in Headers */ = {isa = PBXBuildFile; fileRef = C726D0F61ABBC88B008F0C00 /* opt_bfgs.h */; };
		C726D1211ABBC88B008F0C00 /* opt_conjgrad.h in Headers */ = {isa = PBXBuildFile; fileRef = C726D0F71ABBC88B008F0C00 /* opt_conjgrad.h */; };
		C726D1221ABBC88B008F0C00 /* opt_lbfgs.h in Headers */ = {isa = PBXBuildFile; fileRef = C726D0F81ABBC88B008F0C00 /* opt_lbfgs.h */; };
		C726D1231ABBC88B008F0C00 /* opt_levmarq.h in Headers */ = {isa = PBXBuildFile; fileRef = C726D0F91ABBC88B008F0C00 /* opt_levmarq.h */; };
		C726D1241ABBC88B008F0C00 /* opt_linemin.h in Headers */ = {isa = PBXBuildFile; fileRef = C726D0FA1ABBC88B008F0C00 /* opt_linemin.h */; };
		C726D1251ABBC88B008F0C00 /* opt_powell.h in Headers */ = {isa = PBXBuildFile; fileRef = C726D0FB1ABBC88B008F0C00 /* opt_powell.h */; };
		C726D1261ABBC88B008F0C00 /* opt_stochastic.h in Headers */ = {isa = PBXBuildFile; fileRef = C726D0FC1ABBC88B008F0C00 /* opt_stochastic.h */; };
		C726D1271ABBC88B008F0C00 /* opt_vstepgrad.h in Headers */ = {isa = PBXBuildFile; fileRef = C726D0FD1ABBC88B008F0C00 /* opt_vstepgrad.h */; };
		C726D1281ABBC88B008F0C00 /* permute.h in Headers */ = {isa = PBXBuildFile; fileRef = C726D0FE1ABBC88B008F0C00 /* permute.h */; };
		C726D1291ABBC88B008F0C00 /* quaternion.h in Headers */ = {isa = PBXBuildFile; fileRef = C726D0FF1ABBC88B008F0C00 /* quaternion.h */; };
		C726D12A1ABBC88B008F0C00 /* random.h in Headers */ = {isa = PBXBuildFile; fileRef = C726D1001ABBC88B008F0C00 /* random.h */; };
		C726D12B1ABBC88B008F0C00 /* solve.h in Headers */ = {isa = PBXBuildFile; fileRef = C726D1011ABBC88B008F0C00 /* solve.h */; };
		C726D12C1ABBC88B008F0C00 /* stats.h in Headers */ = {isa = PBXBuildFile; fileRef = C726D1021ABBC88B008F0C00 /* stats.h */; };
		C726D12D1ABBC88B008F0C00 /* types.h in Headers */ = {isa = PBXBuildFile; fileRef = C726D1031ABBC88B008F0C00 /* types.h */; };
		C726D12E1ABBC88B008F0C00 /* utils.h in Headers */ = {isa = PBXBuildFile; fileRef = C726D1041ABBC88B008F0C00 /* utils.h */; };
		C726D12F1ABBC88B008F0C00 /* vector_view.h in Headers */ = {isa = PBXBuildFile; fileRef = C726D1051ABBC88B008F0C00 /* vector_view.h */; };
		C726D1301ABBC88B008F0C00 /* vector.h in Headers */ = {isa = PBXBuildFile; fileRef = C726D1061ABBC88B008F0C00 /* vector.h */; };
		C726D1351ABBC89B008F0C00 /* meta_core.h in Headers */ = {isa = PBXBuildFile; fileRef = C726D1311ABBC89B008F0C00 /* meta_core.h */; };
		C726D1361ABBC89B008F0C00 /* meta_io.h in Headers */ = {isa = PBXBuildFile; fileRef = C726D1321ABBC89B008F0C00 /* meta_io.h */; };
		C726D1371ABBC89B008F0C00 /* meta_sound.h in Headers */ = {isa = PBXBuildFile; fileRef = C726D1331ABBC89B008F0C00 /* meta_sound.h */; };
		C726D1381ABBC89B008F0C00 /* meta_vision.h in Headers */ = {isa = PBXBuildFile; fileRef = C726D1341ABBC89B008F0C00 /* meta_vision.h */; };
		C726D13A1ABBC8AB008F0C00 /* image.h in Headers */ = {isa = PBXBuildFile; fileRef = C726D1391ABBC8AB008F0C00 /* image.h */; };
		C726D13D1ABBC8C7008F0C00 /* image.cpp in Sources */ = {isa = PBXBuildFile; fileRef = C726D13B1ABBC8C7008F0C00 /* image.cpp */; };
		C726D13E1ABBC8C7008F0C00 /* vision.cpp in Sources */ = {isa = PBXBuildFile; fileRef = C726D13C1ABBC8C7008F0C00 /* vision.cpp */; };
		C7D9A4081AA91CAC0046ADBB /* libMetaphor.a in Frameworks */ = {isa = PBXBuildFile; fileRef = C7D9A3681AA913560046ADBB /* libMetaphor.a */; };
/* End PBXBuildFile section */

/* Begin PBXContainerItemProxy section */
		C7D9A4091AA91CB20046ADBB /* PBXContainerItemProxy */ = {
			isa = PBXContainerItemProxy;
			containerPortal = C7D9A3601AA913560046ADBB /* Project object */;
			proxyType = 1;
			remoteGlobalIDString = C7D9A3671AA913560046ADBB;
			remoteInfo = Metaphor;
		};
/* End PBXContainerItemProxy section */

/* Begin PBXCopyFilesBuildPhase section */
		C7D9A3FB1AA9155A0046ADBB /* CopyFiles */ = {
			isa = PBXCopyFilesBuildPhase;
			buildActionMask = 2147483647;
			dstPath = /usr/share/man/man1/;
			dstSubfolderSpec = 0;
			files = (
			);
			runOnlyForDeploymentPostprocessing = 1;
		};
/* End PBXCopyFilesBuildPhase section */

/* Begin PBXFileReference section */
		C726D0901ABBC84B008F0C00 /* debughacks.cpp */ = {isa = PBXFileReference; fileEncoding = 4; lastKnownFileType = sourcecode.cpp.cpp; name = debughacks.cpp; path = Src/Test/debughacks.cpp; sourceTree = "<group>"; };
		C726D0931ABBC86D008F0C00 /* block_binary.cpp */ = {isa = PBXFileReference; fileEncoding = 4; lastKnownFileType = sourcecode.cpp.cpp; name = block_binary.cpp; path = Src/Core/block_binary.cpp; sourceTree = "<group>"; };
		C726D0941ABBC86D008F0C00 /* block_blas1.cpp */ = {isa = PBXFileReference; fileEncoding = 4; lastKnownFileType = sourcecode.cpp.cpp; name = block_blas1.cpp; path = Src/Core/block_blas1.cpp; sourceTree = "<group>"; };
		C726D0951ABBC86D008F0C00 /* block_blas2.cpp */ = {isa = PBXFileReference; fileEncoding = 4; lastKnownFileType = sourcecode.cpp.cpp; name = block_blas2.cpp; path = Src/Core/block_blas2.cpp; sourceTree = "<group>"; };
		C726D0961ABBC86D008F0C00 /* block_blas3.cpp */ = {isa = PBXFileReference; fileEncoding = 4; lastKnownFileType = sourcecode.cpp.cpp; name = block_blas3.cpp; path = Src/Core/block_blas3.cpp; sourceTree = "<group>"; };
		C726D0971ABBC86D008F0C00 /* block_convert.cpp */ = {isa = PBXFileReference; fileEncoding = 4; lastKnownFileType = sourcecode.cpp.cpp; name = block_convert.cpp; path = Src/Core/block_convert.cpp; sourceTree = "<group>"; };
		C726D0981ABBC86D008F0C00 /* block_reduce.cpp */ = {isa = PBXFileReference; fileEncoding = 4; lastKnownFileType = sourcecode.cpp.cpp; name = block_reduce.cpp; path = Src/Core/block_reduce.cpp; sourceTree = "<group>"; };
		C726D0991ABBC86D008F0C00 /* block_sort.cpp */ = {isa = PBXFileReference; fileEncoding = 4; lastKnownFileType = sourcecode.cpp.cpp; name = block_sort.cpp; path = Src/Core/block_sort.cpp; sourceTree = "<group>"; };
		C726D09A1ABBC86D008F0C00 /* block_tools.cpp */ = {isa = PBXFileReference; fileEncoding = 4; lastKnownFileType = sourcecode.cpp.cpp; name = block_tools.cpp; path = Src/Core/block_tools.cpp; sourceTree = "<group>"; };
		C726D09B1ABBC86D008F0C00 /* block_unary.cpp */ = {isa = PBXFileReference; fileEncoding = 4; lastKnownFileType = sourcecode.cpp.cpp; name = block_unary.cpp; path = Src/Core/block_unary.cpp; sourceTree = "<group>"; };
		C726D09C1ABBC86D008F0C00 /* convolve.cpp */ = {isa = PBXFileReference; fileEncoding = 4; lastKnownFileType = sourcecode.cpp.cpp; name = convolve.cpp; path = Src/Core/convolve.cpp; sourceTree = "<group>"; };
		C726D09D1ABBC86D008F0C00 /* core.cpp */ = {isa = PBXFileReference; fileEncoding = 4; lastKnownFileType = sourcecode.cpp.cpp; name = core.cpp; path = Src/Core/core.cpp; sourceTree = "<group>"; };
		C726D09E1ABBC86D008F0C00 /* decomp_cholesky.cpp */ = {isa = PBXFileReference; fileEncoding = 4; lastKnownFileType = sourcecode.cpp.cpp; name = decomp_cholesky.cpp; path = Src/Core/decomp_cholesky.cpp; sourceTree = "<group>"; };
		C726D09F1ABBC86D008F0C00 /* decomp_eigen.cpp */ = {isa = PBXFileReference; fileEncoding = 4; lastKnownFileType = sourcecode.cpp.cpp; name = decomp_eigen.cpp; path = Src/Core/decomp_eigen.cpp; sourceTree = "<group>"; };
		C726D0A01ABBC86D008F0C00 /* decomp_lu.cpp */ = {isa = PBXFileReference; fileEncoding = 4; lastKnownFileType = sourcecode.cpp.cpp; name = decomp_lu.cpp; path = Src/Core/decomp_lu.cpp; sourceTree = "<group>"; };
		C726D0A11ABBC86D008F0C00 /* decomp_qr.cpp */ = {isa = PBXFileReference; fileEncoding = 4; lastKnownFileType = sourcecode.cpp.cpp; name = decomp_qr.cpp; path = Src/Core/decomp_qr.cpp; sourceTree = "<group>"; };
		C726D0A21ABBC86D008F0C00 /* decomp_svd.cpp */ = {isa = PBXFileReference; fileEncoding = 4; lastKnownFileType = sourcecode.cpp.cpp; name = decomp_svd.cpp; path = Src/Core/decomp_svd.cpp; sourceTree = "<group>"; };
		C726D0A31ABBC86D008F0C00 /* decomp_tools.cpp */ = {isa = PBXFileReference; fileEncoding = 4; lastKnownFileType = sourcecode.cpp.cpp; name = decomp_tools.cpp; path = Src/Core/decomp_tools.cpp; sourceTree = "<group>"; };
		C726D0A41ABBC86D008F0C00 /* decomp_tridiag.cpp */ = {isa = PBXFileReference; fileEncoding = 4; lastKnownFileType = sourcecode.cpp.cpp; name = decomp_tridiag.cpp; path = Src/Core/decomp_tridiag.cpp; sourceTree = "<group>"; };
		C726D0A51ABBC86D008F0C00 /* fft.cpp */ = {isa = PBXFileReference; fileEncoding = 4; lastKnownFileType = sourcecode.cpp.cpp; name = fft.cpp; path = Src/Core/fft.cpp; sourceTree = "<group>"; };
		C726D0A61ABBC86D008F0C00 /* geometry.cpp */ = {isa = PBXFileReference; fileEncoding = 4; lastKnownFileType = sourcecode.cpp.cpp; name = geometry.cpp; path = Src/Core/geometry.cpp; sourceTree = "<group>"; };
		C726D0A71ABBC86D008F0C00 /* matrix_io.cpp */ = {isa = PBXFileReference; fileEncoding = 4; lastKnownFileType = sourcecode.cpp.cpp; name = matrix_io.cpp; path = Src/Core/matrix_io.cpp; sourceTree = "<group>"; };
		C726D0A81ABBC86D008F0C00 /* matrix.cpp */ = {isa = PBXFileReference; fileEncoding = 4; lastKnownFileType = sourcecode.cpp.cpp; name = matrix.cpp; path = Src/Core/matrix.cpp; sourceTree = "<group>"; };
		C726D0A91ABBC86D008F0C00 /* opt_bfgs.cpp */ = {isa = PBXFileReference; fileEncoding = 4; lastKnownFileType = sourcecode.cpp.cpp; name = opt_bfgs.cpp; path = Src/Core/opt_bfgs.cpp; sourceTree = "<group>"; };
		C726D0AA1ABBC86D008F0C00 /* opt_conjgrad.cpp */ = {isa = PBXFileReference; fileEncoding = 4; lastKnownFileType = sourcecode.cpp.cpp; name = opt_conjgrad.cpp; path = Src/Core/opt_conjgrad.cpp; sourceTree = "<group>"; };
		C726D0AB1ABBC86D008F0C00 /* opt_lbfgs.cpp */ = {isa = PBXFileReference; fileEncoding = 4; lastKnownFileType = sourcecode.cpp.cpp; name = opt_lbfgs.cpp; path = Src/Core/opt_lbfgs.cpp; sourceTree = "<group>"; };
		C726D0AC1ABBC86D008F0C00 /* opt_levmarq.cpp */ = {isa = PBXFileReference; fileEncoding = 4; lastKnownFileType = sourcecode.cpp.cpp; name = opt_levmarq.cpp; path = Src/Core/opt_levmarq.cpp; sourceTree = "<group>"; };
		C726D0AD1ABBC86D008F0C00 /* opt_linemin.cpp */ = {isa = PBXFileReference; fileEncoding = 4; lastKnownFileType = sourcecode.cpp.cpp; name = opt_linemin.cpp; path = Src/Core/opt_linemin.cpp; sourceTree = "<group>"; };
		C726D0AE1ABBC86D008F0C00 /* opt_powell.cpp */ = {isa = PBXFileReference; fileEncoding = 4; lastKnownFileType = sourcecode.cpp.cpp; name = opt_powell.cpp; path = Src/Core/opt_powell.cpp; sourceTree = "<group>"; };
		C726D0AF1ABBC86D008F0C00 /* opt_stochastic.cpp */ = {isa = PBXFileReference; fileEncoding = 4; lastKnownFileType = sourcecode.cpp.cpp; name = opt_stochastic.cpp; path = Src/Core/opt_stochastic.cpp; sourceTree = "<group>"; };
		C726D0B01ABBC86D008F0C00 /* opt_vstepgrad.cpp */ = {isa = PBXFileReference; fileEncoding = 4; lastKnownFileType = sourcecode.cpp.cpp; name = opt_vstepgrad.cpp; path = Src/Core/opt_vstepgrad.cpp; sourceTree = "<group>"; };
		C726D0B11ABBC86D008F0C00 /* permute.cpp */ = {isa = PBXFileReference; fileEncoding = 4; lastKnownFileType = sourcecode.cpp.cpp; name = permute.cpp; path = Src/Core/permute.cpp; sourceTree = "<group>"; };
		C726D0B21ABBC86D008F0C00 /* quaternion.cpp */ = {isa = PBXFileReference; fileEncoding = 4; lastKnownFileType = sourcecode.cpp.cpp; name = quaternion.cpp; path = Src/Core/quaternion.cpp; sourceTree = "<group>"; };
		C726D0B31ABBC86D008F0C00 /* solve.cpp */ = {isa = PBXFileReference; fileEncoding = 4; lastKnownFileType = sourcecode.cpp.cpp; name = solve.cpp; path = Src/Core/solve.cpp; sourceTree = "<group>"; };
		C726D0B41ABBC86D008F0C00 /* stats.cpp */ = {isa = PBXFileReference; fileEncoding = 4; lastKnownFileType = sourcecode.cpp.cpp; name = stats.cpp; path = Src/Core/stats.cpp; sourceTree = "<group>"; };
		C726D0B51ABBC86D008F0C00 /* time.cpp */ = {isa = PBXFileReference; fileEncoding = 4; lastKnownFileType = sourcecode.cpp.cpp; name = time.cpp; path = Src/Core/time.cpp; sourceTree = "<group>"; };
		C726D0B61ABBC86D008F0C00 /* utils.cpp */ = {isa = PBXFileReference; fileEncoding = 4; lastKnownFileType = sourcecode.cpp.cpp; name = utils.cpp; path = Src/Core/utils.cpp; sourceTree = "<group>"; };
		C726D0B71ABBC86D008F0C00 /* vector.cpp */ = {isa = PBXFileReference; fileEncoding = 4; lastKnownFileType = sourcecode.cpp.cpp; name = vector.cpp; path = Src/Core/vector.cpp; sourceTree = "<group>"; };
		C726D0DD1ABBC88B008F0C00 /* block_binary.h */ = {isa = PBXFileReference; fileEncoding = 4; lastKnownFileType = sourcecode.c.h; name = block_binary.h; path = Include/Core/block_binary.h; sourceTree = "<group>"; };
		C726D0DE1ABBC88B008F0C00 /* block_blas1.h */ = {isa = PBXFileReference; fileEncoding = 4; lastKnownFileType = sourcecode.c.h; name = block_blas1.h; path = Include/Core/block_blas1.h; sourceTree = "<group>"; };
		C726D0DF1ABBC88B008F0C00 /* block_blas2.h */ = {isa = PBXFileReference; fileEncoding = 4; lastKnownFileType = sourcecode.c.h; name = block_blas2.h; path = Include/Core/block_blas2.h; sourceTree = "<group>"; };
		C726D0E01ABBC88B008F0C00 /* block_blas3.h */ = {isa = PBXFileReference; fileEncoding = 4; lastKnownFileType = sourcecode.c.h; name = block_blas3.h; path = Include/Core/block_blas3.h; sourceTree = "<group>"; };
		C726D0E11ABBC88B008F0C00 /* block_convert.h */ = {isa = PBXFileReference; fileEncoding = 4; lastKnownFileType = sourcecode.c.h; name = block_convert.h; path = Include/Core/block_convert.h; sourceTree = "<group>"; };
		C726D0E21ABBC88B008F0C00 /* block_generic.h */ = {isa = PBXFileReference; fileEncoding = 4; lastKnownFileType = sourcecode.c.h; name = block_generic.h; path = Include/Core/block_generic.h; sourceTree = "<group>"; };
		C726D0E31ABBC88B008F0C00 /* block_loop.h */ = {isa = PBXFileReference; fileEncoding = 4; lastKnownFileType = sourcecode.c.h; name = block_loop.h; path = Include/Core/block_loop.h; sourceTree = "<group>"; };
		C726D0E41ABBC88B008F0C00 /* block_reduce.h */ = {isa = PBXFileReference; fileEncoding = 4; lastKnownFileType = sourcecode.c.h; name = block_reduce.h; path = Include/Core/block_reduce.h; sourceTree = "<group>"; };
		C726D0E51ABBC88B008F0C00 /* block_sort.h */ = {isa = PBXFileReference; fileEncoding = 4; lastKnownFileType = sourcecode.c.h; name = block_sort.h; path = Include/Core/block_sort.h; sourceTree = "<group>"; };
		C726D0E61ABBC88B008F0C00 /* block_tools.h */ = {isa = PBXFileReference; fileEncoding = 4; lastKnownFileType = sourcecode.c.h; name = block_tools.h; path = Include/Core/block_tools.h; sourceTree = "<group>"; };
		C726D0E71ABBC88B008F0C00 /* block_unary.h */ = {isa = PBXFileReference; fileEncoding = 4; lastKnownFileType = sourcecode.c.h; name = block_unary.h; path = Include/Core/block_unary.h; sourceTree = "<group>"; };
		C726D0E81ABBC88B008F0C00 /* convolve.h */ = {isa = PBXFileReference; fileEncoding = 4; lastKnownFileType = sourcecode.c.h; name = convolve.h; path = Include/Core/convolve.h; sourceTree = "<group>"; };
		C726D0E91ABBC88B008F0C00 /* decomp_cholesky.h */ = {isa = PBXFileReference; fileEncoding = 4; lastKnownFileType = sourcecode.c.h; name = decomp_cholesky.h; path = Include/Core/decomp_cholesky.h; sourceTree = "<group>"; };
		C726D0EA1ABBC88B008F0C00 /* decomp_eigen.h */ = {isa = PBXFileReference; fileEncoding = 4; lastKnownFileType = sourcecode.c.h; name = decomp_eigen.h; path = Include/Core/decomp_eigen.h; sourceTree = "<group>"; };
		C726D0EB1ABBC88B008F0C00 /* decomp_lu.h */ = {isa = PBXFileReference; fileEncoding = 4; lastKnownFileType = sourcecode.c.h; name = decomp_lu.h; path = Include/Core/decomp_lu.h; sourceTree = "<group>"; };
		C726D0EC1ABBC88B008F0C00 /* decomp_qr.h */ = {isa = PBXFileReference; fileEncoding = 4; lastKnownFileType = sourcecode.c.h; name = decomp_qr.h; path = Include/Core/decomp_qr.h; sourceTree = "<group>"; };
		C726D0ED1ABBC88B008F0C00 /* decomp_svd.h */ = {isa = PBXFileReference; fileEncoding = 4; lastKnownFileType = sourcecode.c.h; name = decomp_svd.h; path = Include/Core/decomp_svd.h; sourceTree = "<group>"; };
		C726D0EE1ABBC88B008F0C00 /* decomp_tools.h */ = {isa = PBXFileReference; fileEncoding = 4; lastKnownFileType = sourcecode.c.h; name = decomp_tools.h; path = Include/Core/decomp_tools.h; sourceTree = "<group>"; };
		C726D0EF1ABBC88B008F0C00 /* decomp_tridiag.h */ = {isa = PBXFileReference; fileEncoding = 4; lastKnownFileType = sourcecode.c.h; name = decomp_tridiag.h; path = Include/Core/decomp_tridiag.h; sourceTree = "<group>"; };
		C726D0F01ABBC88B008F0C00 /* fft.h */ = {isa = PBXFileReference; fileEncoding = 4; lastKnownFileType = sourcecode.c.h; name = fft.h; path = Include/Core/fft.h; sourceTree = "<group>"; };
		C726D0F11ABBC88B008F0C00 /* geometry.h */ = {isa = PBXFileReference; fileEncoding = 4; lastKnownFileType = sourcecode.c.h; name = geometry.h; path = Include/Core/geometry.h; sourceTree = "<group>"; };
		C726D0F21ABBC88B008F0C00 /* matrix_io.h */ = {isa = PBXFileReference; fileEncoding = 4; lastKnownFileType = sourcecode.c.h; name = matrix_io.h; path = Include/Core/matrix_io.h; sourceTree = "<group>"; };
		C726D0F31ABBC88B008F0C00 /* matrix_view.h */ = {isa = PBXFileReference; fileEncoding = 4; lastKnownFileType = sourcecode.c.h; name = matrix_view.h; path = Include/Core/matrix_view.h; sourceTree = "<group>"; };
		C726D0F41ABBC88B008F0C00 /* matrix.h */ = {isa = PBXFileReference; fileEncoding = 4; lastKnownFileType = sourcecode.c.h; name = matrix.h; path = Include/Core/matrix.h; sourceTree = "<group>"; };
		C726D0F51ABBC88B008F0C00 /* mem.h */ = {isa = PBXFileReference; fileEncoding = 4; lastKnownFileType = sourcecode.c.h; name = mem.h; path = Include/Core/mem.h; sourceTree = "<group>"; };
		C726D0F61ABBC88B008F0C00 /* opt_bfgs.h */ = {isa = PBXFileReference; fileEncoding = 4; lastKnownFileType = sourcecode.c.h; name = opt_bfgs.h; path = Include/Core/opt_bfgs.h; sourceTree = "<group>"; };
		C726D0F71ABBC88B008F0C00 /* opt_conjgrad.h */ = {isa = PBXFileReference; fileEncoding = 4; lastKnownFileType = sourcecode.c.h; name = opt_conjgrad.h; path = Include/Core/opt_conjgrad.h; sourceTree = "<group>"; };
		C726D0F81ABBC88B008F0C00 /* opt_lbfgs.h */ = {isa = PBXFileReference; fileEncoding = 4; lastKnownFileType = sourcecode.c.h; name = opt_lbfgs.h; path = Include/Core/opt_lbfgs.h; sourceTree = "<group>"; };
		C726D0F91ABBC88B008F0C00 /* opt_levmarq.h */ = {isa = PBXFileReference; fileEncoding = 4; lastKnownFileType = sourcecode.c.h; name = opt_levmarq.h; path = Include/Core/opt_levmarq.h; sourceTree = "<group>"; };
		C726D0FA1ABBC88B008F0C00 /* opt_linemin.h */ = {isa = PBXFileReference; fileEncoding = 4; lastKnownFileType = sourcecode.c.h; name = opt_linemin.h; path = Include/Core/opt_linemin.h; sourceTree = "<group>"; };
		C726D0FB1ABBC88B008F0C00 /* opt_powell.h */ = {isa = PBXFileReference; fileEncoding = 4; lastKnownFileType = sourcecode.c.h; name = opt_powell.h; path = Include/Core/opt_powell.h; sourceTree = "<group>"; };
		C726D0FC1ABBC88B008F0C00 /* opt_stochastic.h */ = {isa = PBXFileReference; fileEncoding = 4; lastKnownFileType = sourcecode.c.h; name = opt_stochastic.h; path = Include/Core/opt_stochastic.h; sourceTree = "<group>"; };
		C726D0FD1ABBC88B008F0C00 /* opt_vstepgrad.h */ = {isa = PBXFileReference; fileEncoding = 4; lastKnownFileType = sourcecode.c.h; name = opt_vstepgrad.h; path = Include/Core/opt_vstepgrad.h; sourceTree = "<group>"; };
		C726D0FE1ABBC88B008F0C00 /* permute.h */ = {isa = PBXFileReference; fileEncoding = 4; lastKnownFileType = sourcecode.c.h; name = permute.h; path = Include/Core/permute.h; sourceTree = "<group>"; };
		C726D0FF1ABBC88B008F0C00 /* quaternion.h */ = {isa = PBXFileReference; fileEncoding = 4; lastKnownFileType = sourcecode.c.h; name = quaternion.h; path = Include/Core/quaternion.h; sourceTree = "<group>"; };
		C726D1001ABBC88B008F0C00 /* random.h */ = {isa = PBXFileReference; fileEncoding = 4; lastKnownFileType = sourcecode.c.h; name = random.h; path = Include/Core/random.h; sourceTree = "<group>"; };
		C726D1011ABBC88B008F0C00 /* solve.h */ = {isa = PBXFileReference; fileEncoding = 4; lastKnownFileType = sourcecode.c.h; name = solve.h; path = Include/Core/solve.h; sourceTree = "<group>"; };
		C726D1021ABBC88B008F0C00 /* stats.h */ = {isa = PBXFileReference; fileEncoding = 4; lastKnownFileType = sourcecode.c.h; name = stats.h; path = Include/Core/stats.h; sourceTree = "<group>"; };
		C726D1031ABBC88B008F0C00 /* types.h */ = {isa = PBXFileReference; fileEncoding = 4; lastKnownFileType = sourcecode.c.h; name = types.h; path = Include/Core/types.h; sourceTree = "<group>"; };
		C726D1041ABBC88B008F0C00 /* utils.h */ = {isa = PBXFileReference; fileEncoding = 4; lastKnownFileType = sourcecode.c.h; name = utils.h; path = Include/Core/utils.h; sourceTree = "<group>"; };
		C726D1051ABBC88B008F0C00 /* vector_view.h */ = {isa = PBXFileReference; fileEncoding = 4; lastKnownFileType = sourcecode.c.h; name = vector_view.h; path = Include/Core/vector_view.h; sourceTree = "<group>"; };
		C726D1061ABBC88B008F0C00 /* vector.h */ = {isa = PBXFileReference; fileEncoding = 4; lastKnownFileType = sourcecode.c.h; name = vector.h; path = Include/Core/vector.h; sourceTree = "<group>"; };
		C726D1311ABBC89B008F0C00 /* meta_core.h */ = {isa = PBXFileReference; fileEncoding = 4; lastKnownFileType = sourcecode.c.h; name = meta_core.h; path = Include/meta_core.h; sourceTree = "<group>"; };
		C726D1321ABBC89B008F0C00 /* meta_io.h */ = {isa = PBXFileReference; fileEncoding = 4; lastKnownFileType = sourcecode.c.h; name = meta_io.h; path = Include/meta_io.h; sourceTree = "<group>"; };
		C726D1331ABBC89B008F0C00 /* meta_sound.h */ = {isa = PBXFileReference; fileEncoding = 4; lastKnownFileType = sourcecode.c.h; name = meta_sound.h; path = Include/meta_sound.h; sourceTree = "<group>"; };
		C726D1341ABBC89B008F0C00 /* meta_vision.h */ = {isa = PBXFileReference; fileEncoding = 4; lastKnownFileType = sourcecode.c.h; name = meta_vision.h; path = Include/meta_vision.h; sourceTree = "<group>"; };
		C726D1391ABBC8AB008F0C00 /* image.h */ = {isa = PBXFileReference; fileEncoding = 4; lastKnownFileType = sourcecode.c.h; name = image.h; path = Include/Vision/image.h; sourceTree = "<group>"; };
		C726D13B1ABBC8C7008F0C00 /* image.cpp */ = {isa = PBXFileReference; fileEncoding = 4; lastKnownFileType = sourcecode.cpp.cpp; name = image.cpp; path = Src/Vision/image.cpp; sourceTree = "<group>"; };
		C726D13C1ABBC8C7008F0C00 /* vision.cpp */ = {isa = PBXFileReference; fileEncoding = 4; lastKnownFileType = sourcecode.cpp.cpp; name = vision.cpp; path = Src/Vision/vision.cpp; sourceTree = "<group>"; };
		C7D9A3681AA913560046ADBB /* libMetaphor.a */ = {isa = PBXFileReference; explicitFileType = archive.ar; includeInIndex = 0; path = libMetaphor.a; sourceTree = BUILT_PRODUCTS_DIR; };
		C7D9A3F51AA914180046ADBB /* LICENSE.txt */ = {isa = PBXFileReference; fileEncoding = 4; lastKnownFileType = text; path = LICENSE.txt; sourceTree = "<group>"; };
		C7D9A3F61AA914180046ADBB /* README.md */ = {isa = PBXFileReference; fileEncoding = 4; lastKnownFileType = net.daringfireball.markdown; path = README.md; sourceTree = "<group>"; };
		C7D9A3FD1AA9155A0046ADBB /* DebugHacks */ = {isa = PBXFileReference; explicitFileType = "compiled.mach-o.executable"; includeInIndex = 0; path = DebugHacks; sourceTree = BUILT_PRODUCTS_DIR; };
/* End PBXFileReference section */

/* Begin PBXFrameworksBuildPhase section */
		C7D9A3651AA913560046ADBB /* Frameworks */ = {
			isa = PBXFrameworksBuildPhase;
			buildActionMask = 2147483647;
			files = (
			);
			runOnlyForDeploymentPostprocessing = 0;
		};
		C7D9A3FA1AA9155A0046ADBB /* Frameworks */ = {
			isa = PBXFrameworksBuildPhase;
			buildActionMask = 2147483647;
			files = (
				C7D9A4081AA91CAC0046ADBB /* libMetaphor.a in Frameworks */,
			);
			runOnlyForDeploymentPostprocessing = 0;
		};
/* End PBXFrameworksBuildPhase section */

/* Begin PBXGroup section */
		C726D0851ABBC7F1008F0C00 /* Include */ = {
			isa = PBXGroup;
			children = (
				C726D1311ABBC89B008F0C00 /* meta_core.h */,
				C726D1321ABBC89B008F0C00 /* meta_io.h */,
				C726D1331ABBC89B008F0C00 /* meta_sound.h */,
				C726D1341ABBC89B008F0C00 /* meta_vision.h */,
				C726D08D1ABBC827008F0C00 /* IO */,
				C726D08C1ABBC821008F0C00 /* Sound */,
				C726D08A1ABBC817008F0C00 /* Vision */,
				C726D0881ABBC80D008F0C00 /* Core */,
			);
			name = Include;
			sourceTree = "<group>";
		};
		C726D0861ABBC7FD008F0C00 /* Src */ = {
			isa = PBXGroup;
			children = (
				C726D08F1ABBC83A008F0C00 /* Test */,
				C726D08E1ABBC82B008F0C00 /* IO */,
				C726D08B1ABBC81C008F0C00 /* Sound */,
				C726D0891ABBC812008F0C00 /* Vision */,
				C726D0871ABBC808008F0C00 /* Core */,
			);
			name = Src;
			sourceTree = "<group>";
		};
		C726D0871ABBC808008F0C00 /* Core */ = {
			isa = PBXGroup;
			children = (
				C726D0931ABBC86D008F0C00 /* block_binary.cpp */,
				C726D0941ABBC86D008F0C00 /* block_blas1.cpp */,
				C726D0951ABBC86D008F0C00 /* block_blas2.cpp */,
				C726D0961ABBC86D008F0C00 /* block_blas3.cpp */,
				C726D0971ABBC86D008F0C00 /* block_convert.cpp */,
				C726D0981ABBC86D008F0C00 /* block_reduce.cpp */,
				C726D0991ABBC86D008F0C00 /* block_sort.cpp */,
				C726D09A1ABBC86D008F0C00 /* block_tools.cpp */,
				C726D09B1ABBC86D008F0C00 /* block_unary.cpp */,
				C726D09C1ABBC86D008F0C00 /* convolve.cpp */,
				C726D09D1ABBC86D008F0C00 /* core.cpp */,
				C726D09E1ABBC86D008F0C00 /* decomp_cholesky.cpp */,
				C726D09F1ABBC86D008F0C00 /* decomp_eigen.cpp */,
				C726D0A01ABBC86D008F0C00 /* decomp_lu.cpp */,
				C726D0A11ABBC86D008F0C00 /* decomp_qr.cpp */,
				C726D0A21ABBC86D008F0C00 /* decomp_svd.cpp */,
				C726D0A31ABBC86D008F0C00 /* decomp_tools.cpp */,
				C726D0A41ABBC86D008F0C00 /* decomp_tridiag.cpp */,
				C726D0A51ABBC86D008F0C00 /* fft.cpp */,
				C726D0A61ABBC86D008F0C00 /* geometry.cpp */,
				C726D0A71ABBC86D008F0C00 /* matrix_io.cpp */,
				C726D0A81ABBC86D008F0C00 /* matrix.cpp */,
				C726D0A91ABBC86D008F0C00 /* opt_bfgs.cpp */,
				C726D0AA1ABBC86D008F0C00 /* opt_conjgrad.cpp */,
				C726D0AB1ABBC86D008F0C00 /* opt_lbfgs.cpp */,
				C726D0AC1ABBC86D008F0C00 /* opt_levmarq.cpp */,
				C726D0AD1ABBC86D008F0C00 /* opt_linemin.cpp */,
				C726D0AE1ABBC86D008F0C00 /* opt_powell.cpp */,
				C726D0AF1ABBC86D008F0C00 /* opt_stochastic.cpp */,
				C726D0B01ABBC86D008F0C00 /* opt_vstepgrad.cpp */,
				C726D0B11ABBC86D008F0C00 /* permute.cpp */,
				C726D0B21ABBC86D008F0C00 /* quaternion.cpp */,
				C726D0B31ABBC86D008F0C00 /* solve.cpp */,
				C726D0B41ABBC86D008F0C00 /* stats.cpp */,
				C726D0B51ABBC86D008F0C00 /* time.cpp */,
				C726D0B61ABBC86D008F0C00 /* utils.cpp */,
				C726D0B71ABBC86D008F0C00 /* vector.cpp */,
			);
			name = Core;
			sourceTree = "<group>";
		};
		C726D0881ABBC80D008F0C00 /* Core */ = {
			isa = PBXGroup;
			children = (
				C726D0DD1ABBC88B008F0C00 /* block_binary.h */,
				C726D0DE1ABBC88B008F0C00 /* block_blas1.h */,
				C726D0DF1ABBC88B008F0C00 /* block_blas2.h */,
				C726D0E01ABBC88B008F0C00 /* block_blas3.h */,
				C726D0E11ABBC88B008F0C00 /* block_convert.h */,
				C726D0E21ABBC88B008F0C00 /* block_generic.h */,
				C726D0E31ABBC88B008F0C00 /* block_loop.h */,
				C726D0E41ABBC88B008F0C00 /* block_reduce.h */,
				C726D0E51ABBC88B008F0C00 /* block_sort.h */,
				C726D0E61ABBC88B008F0C00 /* block_tools.h */,
				C726D0E71ABBC88B008F0C00 /* block_unary.h */,
				C726D0E81ABBC88B008F0C00 /* convolve.h */,
				C726D0E91ABBC88B008F0C00 /* decomp_cholesky.h */,
				C726D0EA1ABBC88B008F0C00 /* decomp_eigen.h */,
				C726D0EB1ABBC88B008F0C00 /* decomp_lu.h */,
				C726D0EC1ABBC88B008F0C00 /* decomp_qr.h */,
				C726D0ED1ABBC88B008F0C00 /* decomp_svd.h */,
				C726D0EE1ABBC88B008F0C00 /* decomp_tools.h */,
				C726D0EF1ABBC88B008F0C00 /* decomp_tridiag.h */,
				C726D0F01ABBC88B008F0C00 /* fft.h */,
				C726D0F11ABBC88B008F0C00 /* geometry.h */,
				C726D0F21ABBC88B008F0C00 /* matrix_io.h */,
				C726D0F31ABBC88B008F0C00 /* matrix_view.h */,
				C726D0F41ABBC88B008F0C00 /* matrix.h */,
				C726D0F51ABBC88B008F0C00 /* mem.h */,
				C726D0F61ABBC88B008F0C00 /* opt_bfgs.h */,
				C726D0F71ABBC88B008F0C00 /* opt_conjgrad.h */,
				C726D0F81ABBC88B008F0C00 /* opt_lbfgs.h */,
				C726D0F91ABBC88B008F0C00 /* opt_levmarq.h */,
				C726D0FA1ABBC88B008F0C00 /* opt_linemin.h */,
				C726D0FB1ABBC88B008F0C00 /* opt_powell.h */,
				C726D0FC1ABBC88B008F0C00 /* opt_stochastic.h */,
				C726D0FD1ABBC88B008F0C00 /* opt_vstepgrad.h */,
				C726D0FE1ABBC88B008F0C00 /* permute.h */,
				C726D0FF1ABBC88B008F0C00 /* quaternion.h */,
				C726D1001ABBC88B008F0C00 /* random.h */,
				C726D1011ABBC88B008F0C00 /* solve.h */,
				C726D1021ABBC88B008F0C00 /* stats.h */,
				C726D1031ABBC88B008F0C00 /* types.h */,
				C726D1041ABBC88B008F0C00 /* utils.h */,
				C726D1051ABBC88B008F0C00 /* vector_view.h */,
				C726D1061ABBC88B008F0C00 /* vector.h */,
			);
			name = Core;
			sourceTree = "<group>";
		};
		C726D0891ABBC812008F0C00 /* Vision */ = {
			isa = PBXGroup;
			children = (
				C726D13B1ABBC8C7008F0C00 /* image.cpp */,
				C726D13C1ABBC8C7008F0C00 /* vision.cpp */,
			);
			name = Vision;
			sourceTree = "<group>";
		};
		C726D08A1ABBC817008F0C00 /* Vision */ = {
			isa = PBXGroup;
			children = (
				C726D1391ABBC8AB008F0C00 /* image.h */,
			);
			name = Vision;
			sourceTree = "<group>";
		};
		C726D08B1ABBC81C008F0C00 /* Sound */ = {
			isa = PBXGroup;
			children = (
			);
			name = Sound;
			sourceTree = "<group>";
		};
		C726D08C1ABBC821008F0C00 /* Sound */ = {
			isa = PBXGroup;
			children = (
			);
			name = Sound;
			sourceTree = "<group>";
		};
		C726D08D1ABBC827008F0C00 /* IO */ = {
			isa = PBXGroup;
			children = (
			);
			name = IO;
			sourceTree = "<group>";
		};
		C726D08E1ABBC82B008F0C00 /* IO */ = {
			isa = PBXGroup;
			children = (
			);
			name = IO;
			sourceTree = "<group>";
		};
		C726D08F1ABBC83A008F0C00 /* Test */ = {
			isa = PBXGroup;
			children = (
				C726D0901ABBC84B008F0C00 /* debughacks.cpp */,
			);
			name = Test;
			sourceTree = "<group>";
		};
		C726D13F1ABBC912008F0C00 /* Doc */ = {
			isa = PBXGroup;
			children = (
			);
			name = Doc;
			sourceTree = "<group>";
		};
		C7D9A35F1AA913560046ADBB = {
			isa = PBXGroup;
			children = (
				C7D9A3F51AA914180046ADBB /* LICENSE.txt */,
				C7D9A3F61AA914180046ADBB /* README.md */,
				C726D0861ABBC7FD008F0C00 /* Src */,
				C726D0851ABBC7F1008F0C00 /* Include */,
				C726D13F1ABBC912008F0C00 /* Doc */,
				C7D9A3691AA913560046ADBB /* Products */,
			);
			sourceTree = "<group>";
		};
		C7D9A3691AA913560046ADBB /* Products */ = {
			isa = PBXGroup;
			children = (
				C7D9A3681AA913560046ADBB /* libMetaphor.a */,
				C7D9A3FD1AA9155A0046ADBB /* DebugHacks */,
			);
			name = Products;
			sourceTree = "<group>";
		};
/* End PBXGroup section */

/* Begin PBXHeadersBuildPhase section */
		C7D9A3661AA913560046ADBB /* Headers */ = {
			isa = PBXHeadersBuildPhase;
			buildActionMask = 2147483647;
			files = (
				C726D11D1ABBC88B008F0C00 /* matrix_view.h in Headers */,
				C726D1221ABBC88B008F0C00 /* opt_lbfgs.h in Headers */,
				C726D1121ABBC88B008F0C00 /* convolve.h in Headers */,
				C726D1251ABBC88B008F0C00 /* opt_powell.h in Headers */,
				C726D1201ABBC88B008F0C00 /* opt_bfgs.h in Headers */,
				C726D12B1ABBC88B008F0C00 /* solve.h in Headers */,
				C726D1271ABBC88B008F0C00 /* opt_vstepgrad.h in Headers */,
				C726D11F1ABBC88B008F0C00 /* mem.h in Headers */,
				C726D1141ABBC88B008F0C00 /* decomp_eigen.h in Headers */,
				C726D11E1ABBC88B008F0C00 /* matrix.h in Headers */,
				C726D1081ABBC88B008F0C00 /* block_blas1.h in Headers */,
				C726D10B1ABBC88B008F0C00 /* block_convert.h in Headers */,
				C726D12A1ABBC88B008F0C00 /* random.h in Headers */,
				C726D1171ABBC88B008F0C00 /* decomp_svd.h in Headers */,
				C726D10D1ABBC88B008F0C00 /* block_loop.h in Headers */,
				C726D1181ABBC88B008F0C00 /* decomp_tools.h in Headers */,
				C726D1261ABBC88B008F0C00 /* opt_stochastic.h in Headers */,
				C726D1361ABBC89B008F0C00 /* meta_io.h in Headers */,
				C726D10F1ABBC88B008F0C00 /* block_sort.h in Headers */,
				C726D10C1ABBC88B008F0C00 /* block_generic.h in Headers */,
				C726D1371ABBC89B008F0C00 /* meta_sound.h in Headers */,
				C726D11C1ABBC88B008F0C00 /* matrix_io.h in Headers */,
				C726D12C1ABBC88B008F0C00 /* stats.h in Headers */,
				C726D13A1ABBC8AB008F0C00 /* image.h in Headers */,
				C726D1211ABBC88B008F0C00 /* opt_conjgrad.h in Headers */,
				C726D1071ABBC88B008F0C00 /* block_binary.h in Headers */,
				C726D1111ABBC88B008F0C00 /* block_unary.h in Headers */,
				C726D11B1ABBC88B008F0C00 /* geometry.h in Headers */,
				C726D1351ABBC89B008F0C00 /* meta_core.h in Headers */,
				C726D1131ABBC88B008F0C00 /* decomp_cholesky.h in Headers */,
				C726D12F1ABBC88B008F0C00 /* vector_view.h in Headers */,
				C726D1301ABBC88B008F0C00 /* vector.h in Headers */,
				C726D10A1ABBC88B008F0C00 /* block_blas3.h in Headers */,
				C726D1291ABBC88B008F0C00 /* quaternion.h in Headers */,
				C726D1161ABBC88B008F0C00 /* decomp_qr.h in Headers */,
				C726D1151ABBC88B008F0C00 /* decomp_lu.h in Headers */,
				C726D12E1ABBC88B008F0C00 /* utils.h in Headers */,
				C726D10E1ABBC88B008F0C00 /* block_reduce.h in Headers */,
				C726D1191ABBC88B008F0C00 /* decomp_tridiag.h in Headers */,
				C726D1241ABBC88B008F0C00 /* opt_linemin.h in Headers */,
				C726D12D1ABBC88B008F0C00 /* types.h in Headers */,
				C726D1101ABBC88B008F0C00 /* block_tools.h in Headers */,
				C726D1381ABBC89B008F0C00 /* meta_vision.h in Headers */,
				C726D1231ABBC88B008F0C00 /* opt_levmarq.h in Headers */,
				C726D1281ABBC88B008F0C00 /* permute.h in Headers */,
				C726D1091ABBC88B008F0C00 /* block_blas2.h in Headers */,
				C726D11A1ABBC88B008F0C00 /* fft.h in Headers */,
			);
			runOnlyForDeploymentPostprocessing = 0;
		};
/* End PBXHeadersBuildPhase section */

/* Begin PBXNativeTarget section */
		C7D9A3671AA913560046ADBB /* Metaphor */ = {
			isa = PBXNativeTarget;
			buildConfigurationList = C7D9A36C1AA913560046ADBB /* Build configuration list for PBXNativeTarget "Metaphor" */;
			buildPhases = (
				C7D9A3641AA913560046ADBB /* Sources */,
				C7D9A3651AA913560046ADBB /* Frameworks */,
				C7D9A3661AA913560046ADBB /* Headers */,
			);
			buildRules = (
			);
			dependencies = (
			);
			name = Metaphor;
			productName = Metaphor;
			productReference = C7D9A3681AA913560046ADBB /* libMetaphor.a */;
			productType = "com.apple.product-type.library.static";
		};
		C7D9A3FC1AA9155A0046ADBB /* DebugHacks */ = {
			isa = PBXNativeTarget;
			buildConfigurationList = C7D9A4031AA9155A0046ADBB /* Build configuration list for PBXNativeTarget "DebugHacks" */;
			buildPhases = (
				C7D9A3F91AA9155A0046ADBB /* Sources */,
				C7D9A3FA1AA9155A0046ADBB /* Frameworks */,
				C7D9A3FB1AA9155A0046ADBB /* CopyFiles */,
			);
			buildRules = (
			);
			dependencies = (
				C7D9A40A1AA91CB20046ADBB /* PBXTargetDependency */,
			);
			name = DebugHacks;
			productName = DebugHacks;
			productReference = C7D9A3FD1AA9155A0046ADBB /* DebugHacks */;
			productType = "com.apple.product-type.tool";
		};
/* End PBXNativeTarget section */

/* Begin PBXProject section */
		C7D9A3601AA913560046ADBB /* Project object */ = {
			isa = PBXProject;
			attributes = {
				LastUpgradeCheck = 0620;
				ORGANIZATIONNAME = "Impressive Machines LLC";
				TargetAttributes = {
					C7D9A3671AA913560046ADBB = {
						CreatedOnToolsVersion = 6.1.1;
					};
					C7D9A3FC1AA9155A0046ADBB = {
						CreatedOnToolsVersion = 6.1.1;
					};
				};
			};
			buildConfigurationList = C7D9A3631AA913560046ADBB /* Build configuration list for PBXProject "Metaphor" */;
			compatibilityVersion = "Xcode 3.2";
			developmentRegion = English;
			hasScannedForEncodings = 0;
			knownRegions = (
				en,
			);
			mainGroup = C7D9A35F1AA913560046ADBB;
			productRefGroup = C7D9A3691AA913560046ADBB /* Products */;
			projectDirPath = "";
			projectRoot = "";
			targets = (
				C7D9A3671AA913560046ADBB /* Metaphor */,
				C7D9A3FC1AA9155A0046ADBB /* DebugHacks */,
			);
		};
/* End PBXProject section */

/* Begin PBXSourcesBuildPhase section */
		C7D9A3641AA913560046ADBB /* Sources */ = {
			isa = PBXSourcesBuildPhase;
			buildActionMask = 2147483647;
			files = (
				C726D0D51ABBC86D008F0C00 /* opt_vstepgrad.cpp in Sources */,
				C726D0D31ABBC86D008F0C00 /* opt_powell.cpp in Sources */,
				C726D0D21ABBC86D008F0C00 /* opt_linemin.cpp in Sources */,
				C726D0BA1ABBC86D008F0C00 /* block_blas2.cpp in Sources */,
				C726D0CA1ABBC86D008F0C00 /* fft.cpp in Sources */,
				C726D0D71ABBC86D008F0C00 /* quaternion.cpp in Sources */,
				C726D0C11ABBC86D008F0C00 /* convolve.cpp in Sources */,
				C726D0C41ABBC86D008F0C00 /* decomp_eigen.cpp in Sources */,
				C726D0DA1ABBC86D008F0C00 /* time.cpp in Sources */,
				C726D0C71ABBC86D008F0C00 /* decomp_svd.cpp in Sources */,
				C726D0CE1ABBC86D008F0C00 /* opt_bfgs.cpp in Sources */,
				C726D0C81ABBC86D008F0C00 /* decomp_tools.cpp in Sources */,
				C726D0BD1ABBC86D008F0C00 /* block_reduce.cpp in Sources */,
				C726D13D1ABBC8C7008F0C00 /* image.cpp in Sources */,
				C726D0CC1ABBC86D008F0C00 /* matrix_io.cpp in Sources */,
				C726D0C51ABBC86D008F0C00 /* decomp_lu.cpp in Sources */,
				C726D0DB1ABBC86D008F0C00 /* utils.cpp in Sources */,
				C726D0C01ABBC86D008F0C00 /* block_unary.cpp in Sources */,
				C726D0C91ABBC86D008F0C00 /* decomp_tridiag.cpp in Sources */,
				C726D0B81ABBC86D008F0C00 /* block_binary.cpp in Sources */,
				C726D0C31ABBC86D008F0C00 /* decomp_cholesky.cpp in Sources */,
				C726D0C61ABBC86D008F0C00 /* decomp_qr.cpp in Sources */,
				C726D0CB1ABBC86D008F0C00 /* geometry.cpp in Sources */,
				C726D0BF1ABBC86D008F0C00 /* block_tools.cpp in Sources */,
				C726D0B91ABBC86D008F0C00 /* block_blas1.cpp in Sources */,
				C726D0D41ABBC86D008F0C00 /* opt_stochastic.cpp in Sources */,
				C726D0BB1ABBC86D008F0C00 /* block_blas3.cpp in Sources */,
				C726D0D01ABBC86D008F0C00 /* opt_lbfgs.cpp in Sources */,
				C726D0D11ABBC86D008F0C00 /* opt_levmarq.cpp in Sources */,
				C726D0CF1ABBC86D008F0C00 /* opt_conjgrad.cpp in Sources */,
				C726D0CD1ABBC86D008F0C00 /* matrix.cpp in Sources */,
				C726D0D81ABBC86D008F0C00 /* solve.cpp in Sources */,
				C726D0D61ABBC86D008F0C00 /* permute.cpp in Sources */,
				C726D0DC1ABBC86D008F0C00 /* vector.cpp in Sources */,
				C726D0BE1ABBC86D008F0C00 /* block_sort.cpp in Sources */,
				C726D0C21ABBC86D008F0C00 /* core.cpp in Sources */,
				C726D0BC1ABBC86D008F0C00 /* block_convert.cpp in Sources */,
				C726D0D91ABBC86D008F0C00 /* stats.cpp in Sources */,
				C726D13E1ABBC8C7008F0C00 /* vision.cpp in Sources */,
			);
			runOnlyForDeploymentPostprocessing = 0;
		};
		C7D9A3F91AA9155A0046ADBB /* Sources */ = {
			isa = PBXSourcesBuildPhase;
			buildActionMask = 2147483647;
			files = (
				C726D0921ABBC853008F0C00 /* debughacks.cpp in Sources */,
			);
			runOnlyForDeploymentPostprocessing = 0;
		};
/* End PBXSourcesBuildPhase section */

/* Begin PBXTargetDependency section */
		C7D9A40A1AA91CB20046ADBB /* PBXTargetDependency */ = {
			isa = PBXTargetDependency;
			target = C7D9A3671AA913560046ADBB /* Metaphor */;
			targetProxy = C7D9A4091AA91CB20046ADBB /* PBXContainerItemProxy */;
		};
/* End PBXTargetDependency section */

/* Begin XCBuildConfiguration section */
		C7D9A36A1AA913560046ADBB /* Debug */ = {
			isa = XCBuildConfiguration;
			buildSettings = {
				ALWAYS_SEARCH_USER_PATHS = NO;
				CLANG_CXX_LANGUAGE_STANDARD = "gnu++0x";
				CLANG_CXX_LIBRARY = "libc++";
				CLANG_ENABLE_MODULES = YES;
				CLANG_ENABLE_OBJC_ARC = YES;
				CLANG_WARN_BOOL_CONVERSION = YES;
				CLANG_WARN_CONSTANT_CONVERSION = YES;
				CLANG_WARN_DIRECT_OBJC_ISA_USAGE = YES_ERROR;
				CLANG_WARN_EMPTY_BODY = YES;
				CLANG_WARN_ENUM_CONVERSION = YES;
				CLANG_WARN_INT_CONVERSION = YES;
				CLANG_WARN_OBJC_ROOT_CLASS = YES_ERROR;
				CLANG_WARN_UNREACHABLE_CODE = YES;
				CLANG_WARN__DUPLICATE_METHOD_MATCH = YES;
				COPY_PHASE_STRIP = NO;
				ENABLE_STRICT_OBJC_MSGSEND = YES;
				GCC_C_LANGUAGE_STANDARD = gnu99;
				GCC_DYNAMIC_NO_PIC = NO;
				GCC_OPTIMIZATION_LEVEL = 0;
				GCC_PREPROCESSOR_DEFINITIONS = (
					"DEBUG=1",
					"$(inherited)",
				);
				GCC_SYMBOLS_PRIVATE_EXTERN = NO;
				GCC_WARN_64_TO_32_BIT_CONVERSION = YES;
				GCC_WARN_ABOUT_RETURN_TYPE = YES_ERROR;
				GCC_WARN_UNDECLARED_SELECTOR = YES;
				GCC_WARN_UNINITIALIZED_AUTOS = YES_AGGRESSIVE;
				GCC_WARN_UNUSED_FUNCTION = YES;
				GCC_WARN_UNUSED_VARIABLE = YES;
				MACOSX_DEPLOYMENT_TARGET = 10.10;
				MTL_ENABLE_DEBUG_INFO = YES;
				ONLY_ACTIVE_ARCH = YES;
				SDKROOT = macosx;
			};
			name = Debug;
		};
		C7D9A36B1AA913560046ADBB /* Release */ = {
			isa = XCBuildConfiguration;
			buildSettings = {
				ALWAYS_SEARCH_USER_PATHS = NO;
				CLANG_CXX_LANGUAGE_STANDARD = "gnu++0x";
				CLANG_CXX_LIBRARY = "libc++";
				CLANG_ENABLE_MODULES = YES;
				CLANG_ENABLE_OBJC_ARC = YES;
				CLANG_WARN_BOOL_CONVERSION = YES;
				CLANG_WARN_CONSTANT_CONVERSION = YES;
				CLANG_WARN_DIRECT_OBJC_ISA_USAGE = YES_ERROR;
				CLANG_WARN_EMPTY_BODY = YES;
				CLANG_WARN_ENUM_CONVERSION = YES;
				CLANG_WARN_INT_CONVERSION = YES;
				CLANG_WARN_OBJC_ROOT_CLASS = YES_ERROR;
				CLANG_WARN_UNREACHABLE_CODE = YES;
				CLANG_WARN__DUPLICATE_METHOD_MATCH = YES;
				COPY_PHASE_STRIP = YES;
				DEBUG_INFORMATION_FORMAT = "dwarf-with-dsym";
				ENABLE_NS_ASSERTIONS = NO;
				ENABLE_STRICT_OBJC_MSGSEND = YES;
				GCC_C_LANGUAGE_STANDARD = gnu99;
				GCC_WARN_64_TO_32_BIT_CONVERSION = YES;
				GCC_WARN_ABOUT_RETURN_TYPE = YES_ERROR;
				GCC_WARN_UNDECLARED_SELECTOR = YES;
				GCC_WARN_UNINITIALIZED_AUTOS = YES_AGGRESSIVE;
				GCC_WARN_UNUSED_FUNCTION = YES;
				GCC_WARN_UNUSED_VARIABLE = YES;
				MACOSX_DEPLOYMENT_TARGET = 10.10;
				MTL_ENABLE_DEBUG_INFO = NO;
				SDKROOT = macosx;
			};
			name = Release;
		};
		C7D9A36D1AA913560046ADBB /* Debug */ = {
			isa = XCBuildConfiguration;
			buildSettings = {
				COMBINE_HIDPI_IMAGES = YES;
				EXECUTABLE_PREFIX = lib;
				PRODUCT_NAME = "$(TARGET_NAME)";
			};
			name = Debug;
		};
		C7D9A36E1AA913560046ADBB /* Release */ = {
			isa = XCBuildConfiguration;
			buildSettings = {
				COMBINE_HIDPI_IMAGES = YES;
				EXECUTABLE_PREFIX = lib;
				PRODUCT_NAME = "$(TARGET_NAME)";
			};
			name = Release;
		};
		C7D9A4011AA9155A0046ADBB /* Debug */ = {
			isa = XCBuildConfiguration;
			buildSettings = {
				GCC_PREPROCESSOR_DEFINITIONS = (
					"DEBUG=1",
					"$(inherited)",
				);
				PRODUCT_NAME = "$(TARGET_NAME)";
			};
			name = Debug;
		};
		C7D9A4021AA9155A0046ADBB /* Release */ = {
			isa = XCBuildConfiguration;
			buildSettings = {
				PRODUCT_NAME = "$(TARGET_NAME)";
			};
			name = Release;
		};
/* End XCBuildConfiguration section */

/* Begin XCConfigurationList section */
		C7D9A3631AA913560046ADBB /* Build configuration list for PBXProject "Metaphor" */ = {
			isa = XCConfigurationList;
			buildConfigurations = (
				C7D9A36A1AA913560046ADBB /* Debug */,
				C7D9A36B1AA913560046ADBB /* Release */,
			);
			defaultConfigurationIsVisible = 0;
			defaultConfigurationName = Release;
		};
		C7D9A36C1AA913560046ADBB /* Build configuration list for PBXNativeTarget "Metaphor" */ = {
			isa = XCConfigurationList;
			buildConfigurations = (
				C7D9A36D1AA913560046ADBB /* Debug */,
				C7D9A36E1AA913560046ADBB /* Release */,
			);
			defaultConfigurationIsVisible = 0;
			defaultConfigurationName = Release;
		};
		C7D9A4031AA9155A0046ADBB /* Build configuration list for PBXNativeTarget "DebugHacks" */ = {
			isa = XCConfigurationList;
			buildConfigurations = (
				C7D9A4011AA9155A0046ADBB /* Debug */,
				C7D9A4021AA9155A0046ADBB /* Release */,
			);
			defaultConfigurationIsVisible = 0;
			defaultConfigurationName = Release;
		};
/* End XCConfigurationList section */
	};
	rootObject = C7D9A3601AA913560046ADBB /* Project object */;
}
