// !$*UTF8*$!
{
	archiveVersion = 1;
	classes = {
	};
	objectVersion = 46;
	objects = {

/* Begin PBXBuildFile section */
		C76DCF621ABCDE3A008961BB /* meta_core.h in Headers */ = {isa = PBXBuildFile; fileRef = C76DCF611ABCDE3A008961BB /* meta_core.h */; };
		C76DCF8D1ABCDE49008961BB /* block_binary.h in Headers */ = {isa = PBXBuildFile; fileRef = C76DCF631ABCDE49008961BB /* block_binary.h */; };
		C76DCF8E1ABCDE49008961BB /* block_blas1.h in Headers */ = {isa = PBXBuildFile; fileRef = C76DCF641ABCDE49008961BB /* block_blas1.h */; };
		C76DCF8F1ABCDE49008961BB /* block_blas2.h in Headers */ = {isa = PBXBuildFile; fileRef = C76DCF651ABCDE49008961BB /* block_blas2.h */; };
		C76DCF901ABCDE49008961BB /* block_blas3.h in Headers */ = {isa = PBXBuildFile; fileRef = C76DCF661ABCDE49008961BB /* block_blas3.h */; };
		C76DCF911ABCDE49008961BB /* block_convert.h in Headers */ = {isa = PBXBuildFile; fileRef = C76DCF671ABCDE49008961BB /* block_convert.h */; };
		C76DCF921ABCDE49008961BB /* block_generic.h in Headers */ = {isa = PBXBuildFile; fileRef = C76DCF681ABCDE49008961BB /* block_generic.h */; };
		C76DCF931ABCDE49008961BB /* block_loop.h in Headers */ = {isa = PBXBuildFile; fileRef = C76DCF691ABCDE49008961BB /* block_loop.h */; };
		C76DCF941ABCDE49008961BB /* block_reduce.h in Headers */ = {isa = PBXBuildFile; fileRef = C76DCF6A1ABCDE49008961BB /* block_reduce.h */; };
		C76DCF951ABCDE49008961BB /* block_sort.h in Headers */ = {isa = PBXBuildFile; fileRef = C76DCF6B1ABCDE49008961BB /* block_sort.h */; };
		C76DCF961ABCDE49008961BB /* block_tools.h in Headers */ = {isa = PBXBuildFile; fileRef = C76DCF6C1ABCDE49008961BB /* block_tools.h */; };
		C76DCF971ABCDE49008961BB /* block_unary.h in Headers */ = {isa = PBXBuildFile; fileRef = C76DCF6D1ABCDE49008961BB /* block_unary.h */; };
		C76DCF981ABCDE49008961BB /* convolve.h in Headers */ = {isa = PBXBuildFile; fileRef = C76DCF6E1ABCDE49008961BB /* convolve.h */; };
		C76DCF991ABCDE49008961BB /* decomp_cholesky.h in Headers */ = {isa = PBXBuildFile; fileRef = C76DCF6F1ABCDE49008961BB /* decomp_cholesky.h */; };
		C76DCF9A1ABCDE49008961BB /* decomp_eigen.h in Headers */ = {isa = PBXBuildFile; fileRef = C76DCF701ABCDE49008961BB /* decomp_eigen.h */; };
		C76DCF9B1ABCDE49008961BB /* decomp_lu.h in Headers */ = {isa = PBXBuildFile; fileRef = C76DCF711ABCDE49008961BB /* decomp_lu.h */; };
		C76DCF9C1ABCDE49008961BB /* decomp_qr.h in Headers */ = {isa = PBXBuildFile; fileRef = C76DCF721ABCDE49008961BB /* decomp_qr.h */; };
		C76DCF9D1ABCDE49008961BB /* decomp_svd.h in Headers */ = {isa = PBXBuildFile; fileRef = C76DCF731ABCDE49008961BB /* decomp_svd.h */; };
		C76DCF9E1ABCDE49008961BB /* decomp_tools.h in Headers */ = {isa = PBXBuildFile; fileRef = C76DCF741ABCDE49008961BB /* decomp_tools.h */; };
		C76DCF9F1ABCDE49008961BB /* decomp_tridiag.h in Headers */ = {isa = PBXBuildFile; fileRef = C76DCF751ABCDE49008961BB /* decomp_tridiag.h */; };
		C76DCFA01ABCDE49008961BB /* fft.h in Headers */ = {isa = PBXBuildFile; fileRef = C76DCF761ABCDE49008961BB /* fft.h */; };
		C76DCFA11ABCDE49008961BB /* geometry.h in Headers */ = {isa = PBXBuildFile; fileRef = C76DCF771ABCDE49008961BB /* geometry.h */; };
		C76DCFA21ABCDE49008961BB /* matrix_io.h in Headers */ = {isa = PBXBuildFile; fileRef = C76DCF781ABCDE49008961BB /* matrix_io.h */; };
		C76DCFA31ABCDE49008961BB /* matrix_view.h in Headers */ = {isa = PBXBuildFile; fileRef = C76DCF791ABCDE49008961BB /* matrix_view.h */; };
		C76DCFA41ABCDE49008961BB /* matrix.h in Headers */ = {isa = PBXBuildFile; fileRef = C76DCF7A1ABCDE49008961BB /* matrix.h */; };
		C76DCFA51ABCDE49008961BB /* mem.h in Headers */ = {isa = PBXBuildFile; fileRef = C76DCF7B1ABCDE49008961BB /* mem.h */; };
		C76DCFA61ABCDE49008961BB /* opt_bfgs.h in Headers */ = {isa = PBXBuildFile; fileRef = C76DCF7C1ABCDE49008961BB /* opt_bfgs.h */; };
		C76DCFA71ABCDE49008961BB /* opt_conjgrad.h in Headers */ = {isa = PBXBuildFile; fileRef = C76DCF7D1ABCDE49008961BB /* opt_conjgrad.h */; };
		C76DCFA81ABCDE49008961BB /* opt_lbfgs.h in Headers */ = {isa = PBXBuildFile; fileRef = C76DCF7E1ABCDE49008961BB /* opt_lbfgs.h */; };
		C76DCFA91ABCDE49008961BB /* opt_levmarq.h in Headers */ = {isa = PBXBuildFile; fileRef = C76DCF7F1ABCDE49008961BB /* opt_levmarq.h */; };
		C76DCFAA1ABCDE49008961BB /* opt_linemin.h in Headers */ = {isa = PBXBuildFile; fileRef = C76DCF801ABCDE49008961BB /* opt_linemin.h */; };
		C76DCFAB1ABCDE49008961BB /* opt_powell.h in Headers */ = {isa = PBXBuildFile; fileRef = C76DCF811ABCDE49008961BB /* opt_powell.h */; };
		C76DCFAC1ABCDE49008961BB /* opt_stochastic.h in Headers */ = {isa = PBXBuildFile; fileRef = C76DCF821ABCDE49008961BB /* opt_stochastic.h */; };
		C76DCFAD1ABCDE49008961BB /* opt_vstepgrad.h in Headers */ = {isa = PBXBuildFile; fileRef = C76DCF831ABCDE49008961BB /* opt_vstepgrad.h */; };
		C76DCFAE1ABCDE49008961BB /* permute.h in Headers */ = {isa = PBXBuildFile; fileRef = C76DCF841ABCDE49008961BB /* permute.h */; };
		C76DCFAF1ABCDE49008961BB /* quaternion.h in Headers */ = {isa = PBXBuildFile; fileRef = C76DCF851ABCDE49008961BB /* quaternion.h */; };
		C76DCFB01ABCDE49008961BB /* random.h in Headers */ = {isa = PBXBuildFile; fileRef = C76DCF861ABCDE49008961BB /* random.h */; };
		C76DCFB11ABCDE49008961BB /* solve.h in Headers */ = {isa = PBXBuildFile; fileRef = C76DCF871ABCDE49008961BB /* solve.h */; };
		C76DCFB21ABCDE49008961BB /* stats.h in Headers */ = {isa = PBXBuildFile; fileRef = C76DCF881ABCDE49008961BB /* stats.h */; };
		C76DCFB31ABCDE49008961BB /* types.h in Headers */ = {isa = PBXBuildFile; fileRef = C76DCF891ABCDE49008961BB /* types.h */; };
		C76DCFB41ABCDE49008961BB /* utils.h in Headers */ = {isa = PBXBuildFile; fileRef = C76DCF8A1ABCDE49008961BB /* utils.h */; };
		C76DCFB51ABCDE49008961BB /* vector_view.h in Headers */ = {isa = PBXBuildFile; fileRef = C76DCF8B1ABCDE49008961BB /* vector_view.h */; };
		C76DCFB61ABCDE49008961BB /* vector.h in Headers */ = {isa = PBXBuildFile; fileRef = C76DCF8C1ABCDE49008961BB /* vector.h */; };
		C76DCFDC1ABCDE5A008961BB /* block_binary.cpp in Sources */ = {isa = PBXBuildFile; fileRef = C76DCFB71ABCDE5A008961BB /* block_binary.cpp */; };
		C76DCFDD1ABCDE5A008961BB /* block_blas1.cpp in Sources */ = {isa = PBXBuildFile; fileRef = C76DCFB81ABCDE5A008961BB /* block_blas1.cpp */; };
		C76DCFDE1ABCDE5A008961BB /* block_blas2.cpp in Sources */ = {isa = PBXBuildFile; fileRef = C76DCFB91ABCDE5A008961BB /* block_blas2.cpp */; };
		C76DCFDF1ABCDE5A008961BB /* block_blas3.cpp in Sources */ = {isa = PBXBuildFile; fileRef = C76DCFBA1ABCDE5A008961BB /* block_blas3.cpp */; };
		C76DCFE01ABCDE5A008961BB /* block_convert.cpp in Sources */ = {isa = PBXBuildFile; fileRef = C76DCFBB1ABCDE5A008961BB /* block_convert.cpp */; };
		C76DCFE11ABCDE5A008961BB /* block_reduce.cpp in Sources */ = {isa = PBXBuildFile; fileRef = C76DCFBC1ABCDE5A008961BB /* block_reduce.cpp */; };
		C76DCFE21ABCDE5A008961BB /* block_sort.cpp in Sources */ = {isa = PBXBuildFile; fileRef = C76DCFBD1ABCDE5A008961BB /* block_sort.cpp */; };
		C76DCFE31ABCDE5A008961BB /* block_tools.cpp in Sources */ = {isa = PBXBuildFile; fileRef = C76DCFBE1ABCDE5A008961BB /* block_tools.cpp */; };
		C76DCFE41ABCDE5A008961BB /* block_unary.cpp in Sources */ = {isa = PBXBuildFile; fileRef = C76DCFBF1ABCDE5A008961BB /* block_unary.cpp */; };
		C76DCFE51ABCDE5A008961BB /* convolve.cpp in Sources */ = {isa = PBXBuildFile; fileRef = C76DCFC01ABCDE5A008961BB /* convolve.cpp */; };
		C76DCFE61ABCDE5A008961BB /* core.cpp in Sources */ = {isa = PBXBuildFile; fileRef = C76DCFC11ABCDE5A008961BB /* core.cpp */; };
		C76DCFE71ABCDE5A008961BB /* decomp_cholesky.cpp in Sources */ = {isa = PBXBuildFile; fileRef = C76DCFC21ABCDE5A008961BB /* decomp_cholesky.cpp */; };
		C76DCFE81ABCDE5A008961BB /* decomp_eigen.cpp in Sources */ = {isa = PBXBuildFile; fileRef = C76DCFC31ABCDE5A008961BB /* decomp_eigen.cpp */; };
		C76DCFE91ABCDE5A008961BB /* decomp_lu.cpp in Sources */ = {isa = PBXBuildFile; fileRef = C76DCFC41ABCDE5A008961BB /* decomp_lu.cpp */; };
		C76DCFEA1ABCDE5A008961BB /* decomp_qr.cpp in Sources */ = {isa = PBXBuildFile; fileRef = C76DCFC51ABCDE5A008961BB /* decomp_qr.cpp */; };
		C76DCFEB1ABCDE5A008961BB /* decomp_svd.cpp in Sources */ = {isa = PBXBuildFile; fileRef = C76DCFC61ABCDE5A008961BB /* decomp_svd.cpp */; };
		C76DCFEC1ABCDE5A008961BB /* decomp_tools.cpp in Sources */ = {isa = PBXBuildFile; fileRef = C76DCFC71ABCDE5A008961BB /* decomp_tools.cpp */; };
		C76DCFED1ABCDE5A008961BB /* decomp_tridiag.cpp in Sources */ = {isa = PBXBuildFile; fileRef = C76DCFC81ABCDE5A008961BB /* decomp_tridiag.cpp */; };
		C76DCFEE1ABCDE5A008961BB /* fft.cpp in Sources */ = {isa = PBXBuildFile; fileRef = C76DCFC91ABCDE5A008961BB /* fft.cpp */; };
		C76DCFEF1ABCDE5A008961BB /* geometry.cpp in Sources */ = {isa = PBXBuildFile; fileRef = C76DCFCA1ABCDE5A008961BB /* geometry.cpp */; };
		C76DCFF01ABCDE5A008961BB /* matrix_io.cpp in Sources */ = {isa = PBXBuildFile; fileRef = C76DCFCB1ABCDE5A008961BB /* matrix_io.cpp */; };
		C76DCFF11ABCDE5A008961BB /* matrix.cpp in Sources */ = {isa = PBXBuildFile; fileRef = C76DCFCC1ABCDE5A008961BB /* matrix.cpp */; };
		C76DCFF21ABCDE5A008961BB /* opt_bfgs.cpp in Sources */ = {isa = PBXBuildFile; fileRef = C76DCFCD1ABCDE5A008961BB /* opt_bfgs.cpp */; };
		C76DCFF31ABCDE5A008961BB /* opt_conjgrad.cpp in Sources */ = {isa = PBXBuildFile; fileRef = C76DCFCE1ABCDE5A008961BB /* opt_conjgrad.cpp */; };
		C76DCFF41ABCDE5A008961BB /* opt_lbfgs.cpp in Sources */ = {isa = PBXBuildFile; fileRef = C76DCFCF1ABCDE5A008961BB /* opt_lbfgs.cpp */; };
		C76DCFF51ABCDE5A008961BB /* opt_levmarq.cpp in Sources */ = {isa = PBXBuildFile; fileRef = C76DCFD01ABCDE5A008961BB /* opt_levmarq.cpp */; };
		C76DCFF61ABCDE5A008961BB /* opt_linemin.cpp in Sources */ = {isa = PBXBuildFile; fileRef = C76DCFD11ABCDE5A008961BB /* opt_linemin.cpp */; };
		C76DCFF71ABCDE5A008961BB /* opt_powell.cpp in Sources */ = {isa = PBXBuildFile; fileRef = C76DCFD21ABCDE5A008961BB /* opt_powell.cpp */; };
		C76DCFF81ABCDE5A008961BB /* opt_stochastic.cpp in Sources */ = {isa = PBXBuildFile; fileRef = C76DCFD31ABCDE5A008961BB /* opt_stochastic.cpp */; };
		C76DCFF91ABCDE5A008961BB /* opt_vstepgrad.cpp in Sources */ = {isa = PBXBuildFile; fileRef = C76DCFD41ABCDE5A008961BB /* opt_vstepgrad.cpp */; };
		C76DCFFA1ABCDE5A008961BB /* permute.cpp in Sources */ = {isa = PBXBuildFile; fileRef = C76DCFD51ABCDE5A008961BB /* permute.cpp */; };
		C76DCFFB1ABCDE5A008961BB /* quaternion.cpp in Sources */ = {isa = PBXBuildFile; fileRef = C76DCFD61ABCDE5A008961BB /* quaternion.cpp */; };
		C76DCFFC1ABCDE5A008961BB /* solve.cpp in Sources */ = {isa = PBXBuildFile; fileRef = C76DCFD71ABCDE5A008961BB /* solve.cpp */; };
		C76DCFFD1ABCDE5A008961BB /* stats.cpp in Sources */ = {isa = PBXBuildFile; fileRef = C76DCFD81ABCDE5A008961BB /* stats.cpp */; };
		C76DCFFE1ABCDE5A008961BB /* time.cpp in Sources */ = {isa = PBXBuildFile; fileRef = C76DCFD91ABCDE5A008961BB /* time.cpp */; };
		C76DCFFF1ABCDE5A008961BB /* utils.cpp in Sources */ = {isa = PBXBuildFile; fileRef = C76DCFDA1ABCDE5A008961BB /* utils.cpp */; };
		C76DD0001ABCDE5A008961BB /* vector.cpp in Sources */ = {isa = PBXBuildFile; fileRef = C76DCFDB1ABCDE5A008961BB /* vector.cpp */; };
		C76DD0021ABCDE9E008961BB /* meta_io.h in Headers */ = {isa = PBXBuildFile; fileRef = C76DD0011ABCDE9E008961BB /* meta_io.h */; };
		C76DD0041ABCDEA7008961BB /* meta_sound.h in Headers */ = {isa = PBXBuildFile; fileRef = C76DD0031ABCDEA7008961BB /* meta_sound.h */; };
		C76DD0061ABCDEB2008961BB /* meta_vision.h in Headers */ = {isa = PBXBuildFile; fileRef = C76DD0051ABCDEB2008961BB /* meta_vision.h */; };
		C76DD0091ABCDEC0008961BB /* image.cpp in Sources */ = {isa = PBXBuildFile; fileRef = C76DD0071ABCDEC0008961BB /* image.cpp */; };
		C76DD00A1ABCDEC0008961BB /* vision.cpp in Sources */ = {isa = PBXBuildFile; fileRef = C76DD0081ABCDEC0008961BB /* vision.cpp */; };
		C76DD00C1ABCDECA008961BB /* image.h in Headers */ = {isa = PBXBuildFile; fileRef = C76DD00B1ABCDECA008961BB /* image.h */; };
		C76DD00E1ABCDED7008961BB /* debughacks.cpp in Sources */ = {isa = PBXBuildFile; fileRef = C76DD00D1ABCDED7008961BB /* debughacks.cpp */; };
		C7D9A4081AA91CAC0046ADBB /* libMetaphor.a in Frameworks */ = {isa = PBXBuildFile; fileRef = C7D9A3681AA913560046ADBB /* libMetaphor.a */; };
/* End PBXBuildFile section */

/* Begin PBXContainerItemProxy section */
		C7D9A4091AA91CB20046ADBB /* PBXContainerItemProxy */ = {
			isa = PBXContainerItemProxy;
			containerPortal = C7D9A3601AA913560046ADBB /* Project object */;
			proxyType = 1;
			remoteGlobalIDString = C7D9A3671AA913560046ADBB;
			remoteInfo = Metaphor;
		};
/* End PBXContainerItemProxy section */

/* Begin PBXCopyFilesBuildPhase section */
		C7D9A3FB1AA9155A0046ADBB /* CopyFiles */ = {
			isa = PBXCopyFilesBuildPhase;
			buildActionMask = 2147483647;
			dstPath = /usr/share/man/man1/;
			dstSubfolderSpec = 0;
			files = (
			);
			runOnlyForDeploymentPostprocessing = 1;
		};
/* End PBXCopyFilesBuildPhase section */

/* Begin PBXFileReference section */
		C726D1401ABBCB67008F0C00 /* CMakeLists.txt */ = {isa = PBXFileReference; lastKnownFileType = text; path = CMakeLists.txt; sourceTree = "<group>"; };
		C76DCF611ABCDE3A008961BB /* meta_core.h */ = {isa = PBXFileReference; fileEncoding = 4; lastKnownFileType = sourcecode.c.h; name = meta_core.h; path = Core/meta_core.h; sourceTree = "<group>"; };
		C76DCF631ABCDE49008961BB /* block_binary.h */ = {isa = PBXFileReference; fileEncoding = 4; lastKnownFileType = sourcecode.c.h; name = block_binary.h; path = Core/Include/block_binary.h; sourceTree = "<group>"; };
		C76DCF641ABCDE49008961BB /* block_blas1.h */ = {isa = PBXFileReference; fileEncoding = 4; lastKnownFileType = sourcecode.c.h; name = block_blas1.h; path = Core/Include/block_blas1.h; sourceTree = "<group>"; };
		C76DCF651ABCDE49008961BB /* block_blas2.h */ = {isa = PBXFileReference; fileEncoding = 4; lastKnownFileType = sourcecode.c.h; name = block_blas2.h; path = Core/Include/block_blas2.h; sourceTree = "<group>"; };
		C76DCF661ABCDE49008961BB /* block_blas3.h */ = {isa = PBXFileReference; fileEncoding = 4; lastKnownFileType = sourcecode.c.h; name = block_blas3.h; path = Core/Include/block_blas3.h; sourceTree = "<group>"; };
		C76DCF671ABCDE49008961BB /* block_convert.h */ = {isa = PBXFileReference; fileEncoding = 4; lastKnownFileType = sourcecode.c.h; name = block_convert.h; path = Core/Include/block_convert.h; sourceTree = "<group>"; };
		C76DCF681ABCDE49008961BB /* block_generic.h */ = {isa = PBXFileReference; fileEncoding = 4; lastKnownFileType = sourcecode.c.h; name = block_generic.h; path = Core/Include/block_generic.h; sourceTree = "<group>"; };
		C76DCF691ABCDE49008961BB /* block_loop.h */ = {isa = PBXFileReference; fileEncoding = 4; lastKnownFileType = sourcecode.c.h; name = block_loop.h; path = Core/Include/block_loop.h; sourceTree = "<group>"; };
		C76DCF6A1ABCDE49008961BB /* block_reduce.h */ = {isa = PBXFileReference; fileEncoding = 4; lastKnownFileType = sourcecode.c.h; name = block_reduce.h; path = Core/Include/block_reduce.h; sourceTree = "<group>"; };
		C76DCF6B1ABCDE49008961BB /* block_sort.h */ = {isa = PBXFileReference; fileEncoding = 4; lastKnownFileType = sourcecode.c.h; name = block_sort.h; path = Core/Include/block_sort.h; sourceTree = "<group>"; };
		C76DCF6C1ABCDE49008961BB /* block_tools.h */ = {isa = PBXFileReference; fileEncoding = 4; lastKnownFileType = sourcecode.c.h; name = block_tools.h; path = Core/Include/block_tools.h; sourceTree = "<group>"; };
		C76DCF6D1ABCDE49008961BB /* block_unary.h */ = {isa = PBXFileReference; fileEncoding = 4; lastKnownFileType = sourcecode.c.h; name = block_unary.h; path = Core/Include/block_unary.h; sourceTree = "<group>"; };
		C76DCF6E1ABCDE49008961BB /* convolve.h */ = {isa = PBXFileReference; fileEncoding = 4; lastKnownFileType = sourcecode.c.h; name = convolve.h; path = Core/Include/convolve.h; sourceTree = "<group>"; };
		C76DCF6F1ABCDE49008961BB /* decomp_cholesky.h */ = {isa = PBXFileReference; fileEncoding = 4; lastKnownFileType = sourcecode.c.h; name = decomp_cholesky.h; path = Core/Include/decomp_cholesky.h; sourceTree = "<group>"; };
		C76DCF701ABCDE49008961BB /* decomp_eigen.h */ = {isa = PBXFileReference; fileEncoding = 4; lastKnownFileType = sourcecode.c.h; name = decomp_eigen.h; path = Core/Include/decomp_eigen.h; sourceTree = "<group>"; };
		C76DCF711ABCDE49008961BB /* decomp_lu.h */ = {isa = PBXFileReference; fileEncoding = 4; lastKnownFileType = sourcecode.c.h; name = decomp_lu.h; path = Core/Include/decomp_lu.h; sourceTree = "<group>"; };
		C76DCF721ABCDE49008961BB /* decomp_qr.h */ = {isa = PBXFileReference; fileEncoding = 4; lastKnownFileType = sourcecode.c.h; name = decomp_qr.h; path = Core/Include/decomp_qr.h; sourceTree = "<group>"; };
		C76DCF731ABCDE49008961BB /* decomp_svd.h */ = {isa = PBXFileReference; fileEncoding = 4; lastKnownFileType = sourcecode.c.h; name = decomp_svd.h; path = Core/Include/decomp_svd.h; sourceTree = "<group>"; };
		C76DCF741ABCDE49008961BB /* decomp_tools.h */ = {isa = PBXFileReference; fileEncoding = 4; lastKnownFileType = sourcecode.c.h; name = decomp_tools.h; path = Core/Include/decomp_tools.h; sourceTree = "<group>"; };
		C76DCF751ABCDE49008961BB /* decomp_tridiag.h */ = {isa = PBXFileReference; fileEncoding = 4; lastKnownFileType = sourcecode.c.h; name = decomp_tridiag.h; path = Core/Include/decomp_tridiag.h; sourceTree = "<group>"; };
		C76DCF761ABCDE49008961BB /* fft.h */ = {isa = PBXFileReference; fileEncoding = 4; lastKnownFileType = sourcecode.c.h; name = fft.h; path = Core/Include/fft.h; sourceTree = "<group>"; };
		C76DCF771ABCDE49008961BB /* geometry.h */ = {isa = PBXFileReference; fileEncoding = 4; lastKnownFileType = sourcecode.c.h; name = geometry.h; path = Core/Include/geometry.h; sourceTree = "<group>"; };
		C76DCF781ABCDE49008961BB /* matrix_io.h */ = {isa = PBXFileReference; fileEncoding = 4; lastKnownFileType = sourcecode.c.h; name = matrix_io.h; path = Core/Include/matrix_io.h; sourceTree = "<group>"; };
		C76DCF791ABCDE49008961BB /* matrix_view.h */ = {isa = PBXFileReference; fileEncoding = 4; lastKnownFileType = sourcecode.c.h; name = matrix_view.h; path = Core/Include/matrix_view.h; sourceTree = "<group>"; };
		C76DCF7A1ABCDE49008961BB /* matrix.h */ = {isa = PBXFileReference; fileEncoding = 4; lastKnownFileType = sourcecode.c.h; name = matrix.h; path = Core/Include/matrix.h; sourceTree = "<group>"; };
		C76DCF7B1ABCDE49008961BB /* mem.h */ = {isa = PBXFileReference; fileEncoding = 4; lastKnownFileType = sourcecode.c.h; name = mem.h; path = Core/Include/mem.h; sourceTree = "<group>"; };
		C76DCF7C1ABCDE49008961BB /* opt_bfgs.h */ = {isa = PBXFileReference; fileEncoding = 4; lastKnownFileType = sourcecode.c.h; name = opt_bfgs.h; path = Core/Include/opt_bfgs.h; sourceTree = "<group>"; };
		C76DCF7D1ABCDE49008961BB /* opt_conjgrad.h */ = {isa = PBXFileReference; fileEncoding = 4; lastKnownFileType = sourcecode.c.h; name = opt_conjgrad.h; path = Core/Include/opt_conjgrad.h; sourceTree = "<group>"; };
		C76DCF7E1ABCDE49008961BB /* opt_lbfgs.h */ = {isa = PBXFileReference; fileEncoding = 4; lastKnownFileType = sourcecode.c.h; name = opt_lbfgs.h; path = Core/Include/opt_lbfgs.h; sourceTree = "<group>"; };
		C76DCF7F1ABCDE49008961BB /* opt_levmarq.h */ = {isa = PBXFileReference; fileEncoding = 4; lastKnownFileType = sourcecode.c.h; name = opt_levmarq.h; path = Core/Include/opt_levmarq.h; sourceTree = "<group>"; };
		C76DCF801ABCDE49008961BB /* opt_linemin.h */ = {isa = PBXFileReference; fileEncoding = 4; lastKnownFileType = sourcecode.c.h; name = opt_linemin.h; path = Core/Include/opt_linemin.h; sourceTree = "<group>"; };
		C76DCF811ABCDE49008961BB /* opt_powell.h */ = {isa = PBXFileReference; fileEncoding = 4; lastKnownFileType = sourcecode.c.h; name = opt_powell.h; path = Core/Include/opt_powell.h; sourceTree = "<group>"; };
		C76DCF821ABCDE49008961BB /* opt_stochastic.h */ = {isa = PBXFileReference; fileEncoding = 4; lastKnownFileType = sourcecode.c.h; name = opt_stochastic.h; path = Core/Include/opt_stochastic.h; sourceTree = "<group>"; };
		C76DCF831ABCDE49008961BB /* opt_vstepgrad.h */ = {isa = PBXFileReference; fileEncoding = 4; lastKnownFileType = sourcecode.c.h; name = opt_vstepgrad.h; path = Core/Include/opt_vstepgrad.h; sourceTree = "<group>"; };
		C76DCF841ABCDE49008961BB /* permute.h */ = {isa = PBXFileReference; fileEncoding = 4; lastKnownFileType = sourcecode.c.h; name = permute.h; path = Core/Include/permute.h; sourceTree = "<group>"; };
		C76DCF851ABCDE49008961BB /* quaternion.h */ = {isa = PBXFileReference; fileEncoding = 4; lastKnownFileType = sourcecode.c.h; name = quaternion.h; path = Core/Include/quaternion.h; sourceTree = "<group>"; };
		C76DCF861ABCDE49008961BB /* random.h */ = {isa = PBXFileReference; fileEncoding = 4; lastKnownFileType = sourcecode.c.h; name = random.h; path = Core/Include/random.h; sourceTree = "<group>"; };
		C76DCF871ABCDE49008961BB /* solve.h */ = {isa = PBXFileReference; fileEncoding = 4; lastKnownFileType = sourcecode.c.h; name = solve.h; path = Core/Include/solve.h; sourceTree = "<group>"; };
		C76DCF881ABCDE49008961BB /* stats.h */ = {isa = PBXFileReference; fileEncoding = 4; lastKnownFileType = sourcecode.c.h; name = stats.h; path = Core/Include/stats.h; sourceTree = "<group>"; };
		C76DCF891ABCDE49008961BB /* types.h */ = {isa = PBXFileReference; fileEncoding = 4; lastKnownFileType = sourcecode.c.h; name = types.h; path = Core/Include/types.h; sourceTree = "<group>"; };
		C76DCF8A1ABCDE49008961BB /* utils.h */ = {isa = PBXFileReference; fileEncoding = 4; lastKnownFileType = sourcecode.c.h; name = utils.h; path = Core/Include/utils.h; sourceTree = "<group>"; };
		C76DCF8B1ABCDE49008961BB /* vector_view.h */ = {isa = PBXFileReference; fileEncoding = 4; lastKnownFileType = sourcecode.c.h; name = vector_view.h; path = Core/Include/vector_view.h; sourceTree = "<group>"; };
		C76DCF8C1ABCDE49008961BB /* vector.h */ = {isa = PBXFileReference; fileEncoding = 4; lastKnownFileType = sourcecode.c.h; name = vector.h; path = Core/Include/vector.h; sourceTree = "<group>"; };
		C76DCFB71ABCDE5A008961BB /* block_binary.cpp */ = {isa = PBXFileReference; fileEncoding = 4; lastKnownFileType = sourcecode.cpp.cpp; name = block_binary.cpp; path = Core/Src/block_binary.cpp; sourceTree = "<group>"; };
		C76DCFB81ABCDE5A008961BB /* block_blas1.cpp */ = {isa = PBXFileReference; fileEncoding = 4; lastKnownFileType = sourcecode.cpp.cpp; name = block_blas1.cpp; path = Core/Src/block_blas1.cpp; sourceTree = "<group>"; };
		C76DCFB91ABCDE5A008961BB /* block_blas2.cpp */ = {isa = PBXFileReference; fileEncoding = 4; lastKnownFileType = sourcecode.cpp.cpp; name = block_blas2.cpp; path = Core/Src/block_blas2.cpp; sourceTree = "<group>"; };
		C76DCFBA1ABCDE5A008961BB /* block_blas3.cpp */ = {isa = PBXFileReference; fileEncoding = 4; lastKnownFileType = sourcecode.cpp.cpp; name = block_blas3.cpp; path = Core/Src/block_blas3.cpp; sourceTree = "<group>"; };
		C76DCFBB1ABCDE5A008961BB /* block_convert.cpp */ = {isa = PBXFileReference; fileEncoding = 4; lastKnownFileType = sourcecode.cpp.cpp; name = block_convert.cpp; path = Core/Src/block_convert.cpp; sourceTree = "<group>"; };
		C76DCFBC1ABCDE5A008961BB /* block_reduce.cpp */ = {isa = PBXFileReference; fileEncoding = 4; lastKnownFileType = sourcecode.cpp.cpp; name = block_reduce.cpp; path = Core/Src/block_reduce.cpp; sourceTree = "<group>"; };
		C76DCFBD1ABCDE5A008961BB /* block_sort.cpp */ = {isa = PBXFileReference; fileEncoding = 4; lastKnownFileType = sourcecode.cpp.cpp; name = block_sort.cpp; path = Core/Src/block_sort.cpp; sourceTree = "<group>"; };
		C76DCFBE1ABCDE5A008961BB /* block_tools.cpp */ = {isa = PBXFileReference; fileEncoding = 4; lastKnownFileType = sourcecode.cpp.cpp; name = block_tools.cpp; path = Core/Src/block_tools.cpp; sourceTree = "<group>"; };
		C76DCFBF1ABCDE5A008961BB /* block_unary.cpp */ = {isa = PBXFileReference; fileEncoding = 4; lastKnownFileType = sourcecode.cpp.cpp; name = block_unary.cpp; path = Core/Src/block_unary.cpp; sourceTree = "<group>"; };
		C76DCFC01ABCDE5A008961BB /* convolve.cpp */ = {isa = PBXFileReference; fileEncoding = 4; lastKnownFileType = sourcecode.cpp.cpp; name = convolve.cpp; path = Core/Src/convolve.cpp; sourceTree = "<group>"; };
		C76DCFC11ABCDE5A008961BB /* core.cpp */ = {isa = PBXFileReference; fileEncoding = 4; lastKnownFileType = sourcecode.cpp.cpp; name = core.cpp; path = Core/Src/core.cpp; sourceTree = "<group>"; };
		C76DCFC21ABCDE5A008961BB /* decomp_cholesky.cpp */ = {isa = PBXFileReference; fileEncoding = 4; lastKnownFileType = sourcecode.cpp.cpp; name = decomp_cholesky.cpp; path = Core/Src/decomp_cholesky.cpp; sourceTree = "<group>"; };
		C76DCFC31ABCDE5A008961BB /* decomp_eigen.cpp */ = {isa = PBXFileReference; fileEncoding = 4; lastKnownFileType = sourcecode.cpp.cpp; name = decomp_eigen.cpp; path = Core/Src/decomp_eigen.cpp; sourceTree = "<group>"; };
		C76DCFC41ABCDE5A008961BB /* decomp_lu.cpp */ = {isa = PBXFileReference; fileEncoding = 4; lastKnownFileType = sourcecode.cpp.cpp; name = decomp_lu.cpp; path = Core/Src/decomp_lu.cpp; sourceTree = "<group>"; };
		C76DCFC51ABCDE5A008961BB /* decomp_qr.cpp */ = {isa = PBXFileReference; fileEncoding = 4; lastKnownFileType = sourcecode.cpp.cpp; name = decomp_qr.cpp; path = Core/Src/decomp_qr.cpp; sourceTree = "<group>"; };
		C76DCFC61ABCDE5A008961BB /* decomp_svd.cpp */ = {isa = PBXFileReference; fileEncoding = 4; lastKnownFileType = sourcecode.cpp.cpp; name = decomp_svd.cpp; path = Core/Src/decomp_svd.cpp; sourceTree = "<group>"; };
		C76DCFC71ABCDE5A008961BB /* decomp_tools.cpp */ = {isa = PBXFileReference; fileEncoding = 4; lastKnownFileType = sourcecode.cpp.cpp; name = decomp_tools.cpp; path = Core/Src/decomp_tools.cpp; sourceTree = "<group>"; };
		C76DCFC81ABCDE5A008961BB /* decomp_tridiag.cpp */ = {isa = PBXFileReference; fileEncoding = 4; lastKnownFileType = sourcecode.cpp.cpp; name = decomp_tridiag.cpp; path = Core/Src/decomp_tridiag.cpp; sourceTree = "<group>"; };
		C76DCFC91ABCDE5A008961BB /* fft.cpp */ = {isa = PBXFileReference; fileEncoding = 4; lastKnownFileType = sourcecode.cpp.cpp; name = fft.cpp; path = Core/Src/fft.cpp; sourceTree = "<group>"; };
		C76DCFCA1ABCDE5A008961BB /* geometry.cpp */ = {isa = PBXFileReference; fileEncoding = 4; lastKnownFileType = sourcecode.cpp.cpp; name = geometry.cpp; path = Core/Src/geometry.cpp; sourceTree = "<group>"; };
		C76DCFCB1ABCDE5A008961BB /* matrix_io.cpp */ = {isa = PBXFileReference; fileEncoding = 4; lastKnownFileType = sourcecode.cpp.cpp; name = matrix_io.cpp; path = Core/Src/matrix_io.cpp; sourceTree = "<group>"; };
		C76DCFCC1ABCDE5A008961BB /* matrix.cpp */ = {isa = PBXFileReference; fileEncoding = 4; lastKnownFileType = sourcecode.cpp.cpp; name = matrix.cpp; path = Core/Src/matrix.cpp; sourceTree = "<group>"; };
		C76DCFCD1ABCDE5A008961BB /* opt_bfgs.cpp */ = {isa = PBXFileReference; fileEncoding = 4; lastKnownFileType = sourcecode.cpp.cpp; name = opt_bfgs.cpp; path = Core/Src/opt_bfgs.cpp; sourceTree = "<group>"; };
		C76DCFCE1ABCDE5A008961BB /* opt_conjgrad.cpp */ = {isa = PBXFileReference; fileEncoding = 4; lastKnownFileType = sourcecode.cpp.cpp; name = opt_conjgrad.cpp; path = Core/Src/opt_conjgrad.cpp; sourceTree = "<group>"; };
		C76DCFCF1ABCDE5A008961BB /* opt_lbfgs.cpp */ = {isa = PBXFileReference; fileEncoding = 4; lastKnownFileType = sourcecode.cpp.cpp; name = opt_lbfgs.cpp; path = Core/Src/opt_lbfgs.cpp; sourceTree = "<group>"; };
		C76DCFD01ABCDE5A008961BB /* opt_levmarq.cpp */ = {isa = PBXFileReference; fileEncoding = 4; lastKnownFileType = sourcecode.cpp.cpp; name = opt_levmarq.cpp; path = Core/Src/opt_levmarq.cpp; sourceTree = "<group>"; };
		C76DCFD11ABCDE5A008961BB /* opt_linemin.cpp */ = {isa = PBXFileReference; fileEncoding = 4; lastKnownFileType = sourcecode.cpp.cpp; name = opt_linemin.cpp; path = Core/Src/opt_linemin.cpp; sourceTree = "<group>"; };
		C76DCFD21ABCDE5A008961BB /* opt_powell.cpp */ = {isa = PBXFileReference; fileEncoding = 4; lastKnownFileType = sourcecode.cpp.cpp; name = opt_powell.cpp; path = Core/Src/opt_powell.cpp; sourceTree = "<group>"; };
		C76DCFD31ABCDE5A008961BB /* opt_stochastic.cpp */ = {isa = PBXFileReference; fileEncoding = 4; lastKnownFileType = sourcecode.cpp.cpp; name = opt_stochastic.cpp; path = Core/Src/opt_stochastic.cpp; sourceTree = "<group>"; };
		C76DCFD41ABCDE5A008961BB /* opt_vstepgrad.cpp */ = {isa = PBXFileReference; fileEncoding = 4; lastKnownFileType = sourcecode.cpp.cpp; name = opt_vstepgrad.cpp; path = Core/Src/opt_vstepgrad.cpp; sourceTree = "<group>"; };
		C76DCFD51ABCDE5A008961BB /* permute.cpp */ = {isa = PBXFileReference; fileEncoding = 4; lastKnownFileType = sourcecode.cpp.cpp; name = permute.cpp; path = Core/Src/permute.cpp; sourceTree = "<group>"; };
		C76DCFD61ABCDE5A008961BB /* quaternion.cpp */ = {isa = PBXFileReference; fileEncoding = 4; lastKnownFileType = sourcecode.cpp.cpp; name = quaternion.cpp; path = Core/Src/quaternion.cpp; sourceTree = "<group>"; };
		C76DCFD71ABCDE5A008961BB /* solve.cpp */ = {isa = PBXFileReference; fileEncoding = 4; lastKnownFileType = sourcecode.cpp.cpp; name = solve.cpp; path = Core/Src/solve.cpp; sourceTree = "<group>"; };
		C76DCFD81ABCDE5A008961BB /* stats.cpp */ = {isa = PBXFileReference; fileEncoding = 4; lastKnownFileType = sourcecode.cpp.cpp; name = stats.cpp; path = Core/Src/stats.cpp; sourceTree = "<group>"; };
		C76DCFD91ABCDE5A008961BB /* time.cpp */ = {isa = PBXFileReference; fileEncoding = 4; lastKnownFileType = sourcecode.cpp.cpp; name = time.cpp; path = Core/Src/time.cpp; sourceTree = "<group>"; };
		C76DCFDA1ABCDE5A008961BB /* utils.cpp */ = {isa = PBXFileReference; fileEncoding = 4; lastKnownFileType = sourcecode.cpp.cpp; name = utils.cpp; path = Core/Src/utils.cpp; sourceTree = "<group>"; };
		C76DCFDB1ABCDE5A008961BB /* vector.cpp */ = {isa = PBXFileReference; fileEncoding = 4; lastKnownFileType = sourcecode.cpp.cpp; name = vector.cpp; path = Core/Src/vector.cpp; sourceTree = "<group>"; };
		C76DD0011ABCDE9E008961BB /* meta_io.h */ = {isa = PBXFileReference; fileEncoding = 4; lastKnownFileType = sourcecode.c.h; name = meta_io.h; path = IO/meta_io.h; sourceTree = "<group>"; };
		C76DD0031ABCDEA7008961BB /* meta_sound.h */ = {isa = PBXFileReference; fileEncoding = 4; lastKnownFileType = sourcecode.c.h; name = meta_sound.h; path = Sound/meta_sound.h; sourceTree = "<group>"; };
		C76DD0051ABCDEB2008961BB /* meta_vision.h */ = {isa = PBXFileReference; fileEncoding = 4; lastKnownFileType = sourcecode.c.h; name = meta_vision.h; path = Vision/meta_vision.h; sourceTree = "<group>"; };
		C76DD0071ABCDEC0008961BB /* image.cpp */ = {isa = PBXFileReference; fileEncoding = 4; lastKnownFileType = sourcecode.cpp.cpp; name = image.cpp; path = Vision/Src/image.cpp; sourceTree = "<group>"; };
		C76DD0081ABCDEC0008961BB /* vision.cpp */ = {isa = PBXFileReference; fileEncoding = 4; lastKnownFileType = sourcecode.cpp.cpp; name = vision.cpp; path = Vision/Src/vision.cpp; sourceTree = "<group>"; };
		C76DD00B1ABCDECA008961BB /* image.h */ = {isa = PBXFileReference; fileEncoding = 4; lastKnownFileType = sourcecode.c.h; name = image.h; path = Vision/Include/image.h; sourceTree = "<group>"; };
		C76DD00D1ABCDED7008961BB /* debughacks.cpp */ = {isa = PBXFileReference; fileEncoding = 4; lastKnownFileType = sourcecode.cpp.cpp; name = debughacks.cpp; path = Test/Src/debughacks.cpp; sourceTree = "<group>"; };
		C7D9A3681AA913560046ADBB /* libMetaphor.a */ = {isa = PBXFileReference; explicitFileType = archive.ar; includeInIndex = 0; path = libMetaphor.a; sourceTree = BUILT_PRODUCTS_DIR; };
		C7D9A3F51AA914180046ADBB /* LICENSE.txt */ = {isa = PBXFileReference; fileEncoding = 4; lastKnownFileType = text; path = LICENSE.txt; sourceTree = "<group>"; };
		C7D9A3F61AA914180046ADBB /* README.md */ = {isa = PBXFileReference; fileEncoding = 4; lastKnownFileType = net.daringfireball.markdown; path = README.md; sourceTree = "<group>"; };
		C7D9A3FD1AA9155A0046ADBB /* DebugHacks */ = {isa = PBXFileReference; explicitFileType = "compiled.mach-o.executable"; includeInIndex = 0; path = DebugHacks; sourceTree = BUILT_PRODUCTS_DIR; };
/* End PBXFileReference section */

/* Begin PBXFrameworksBuildPhase section */
		C7D9A3651AA913560046ADBB /* Frameworks */ = {
			isa = PBXFrameworksBuildPhase;
			buildActionMask = 2147483647;
			files = (
			);
			runOnlyForDeploymentPostprocessing = 0;
		};
		C7D9A3FA1AA9155A0046ADBB /* Frameworks */ = {
			isa = PBXFrameworksBuildPhase;
			buildActionMask = 2147483647;
			files = (
				C7D9A4081AA91CAC0046ADBB /* libMetaphor.a in Frameworks */,
			);
			runOnlyForDeploymentPostprocessing = 0;
		};
/* End PBXFrameworksBuildPhase section */

/* Begin PBXGroup section */
		C726D13F1ABBC912008F0C00 /* Doc */ = {
			isa = PBXGroup;
			children = (
			);
			name = Doc;
			sourceTree = "<group>";
		};
		C76DCF5C1ABCDDFA008961BB /* Core */ = {
			isa = PBXGroup;
			children = (
				C76DCF611ABCDE3A008961BB /* meta_core.h */,
				C76DCFC11ABCDE5A008961BB /* core.cpp */,
				C76DCF631ABCDE49008961BB /* block_binary.h */,
				C76DCFB71ABCDE5A008961BB /* block_binary.cpp */,
				C76DCF641ABCDE49008961BB /* block_blas1.h */,
				C76DCFB81ABCDE5A008961BB /* block_blas1.cpp */,
				C76DCF651ABCDE49008961BB /* block_blas2.h */,
				C76DCFB91ABCDE5A008961BB /* block_blas2.cpp */,
				C76DCF661ABCDE49008961BB /* block_blas3.h */,
				C76DCFBA1ABCDE5A008961BB /* block_blas3.cpp */,
				C76DCF671ABCDE49008961BB /* block_convert.h */,
				C76DCFBB1ABCDE5A008961BB /* block_convert.cpp */,
				C76DCF681ABCDE49008961BB /* block_generic.h */,
				C76DCF691ABCDE49008961BB /* block_loop.h */,
				C76DCF6A1ABCDE49008961BB /* block_reduce.h */,
				C76DCFBC1ABCDE5A008961BB /* block_reduce.cpp */,
				C76DCF6B1ABCDE49008961BB /* block_sort.h */,
				C76DCFBD1ABCDE5A008961BB /* block_sort.cpp */,
				C76DCF6C1ABCDE49008961BB /* block_tools.h */,
				C76DCFBE1ABCDE5A008961BB /* block_tools.cpp */,
				C76DCF6D1ABCDE49008961BB /* block_unary.h */,
				C76DCFBF1ABCDE5A008961BB /* block_unary.cpp */,
				C76DCF6E1ABCDE49008961BB /* convolve.h */,
				C76DCFC01ABCDE5A008961BB /* convolve.cpp */,
				C76DCF6F1ABCDE49008961BB /* decomp_cholesky.h */,
				C76DCFC21ABCDE5A008961BB /* decomp_cholesky.cpp */,
				C76DCF701ABCDE49008961BB /* decomp_eigen.h */,
				C76DCFC31ABCDE5A008961BB /* decomp_eigen.cpp */,
				C76DCF711ABCDE49008961BB /* decomp_lu.h */,
				C76DCFC41ABCDE5A008961BB /* decomp_lu.cpp */,
				C76DCF721ABCDE49008961BB /* decomp_qr.h */,
				C76DCFC51ABCDE5A008961BB /* decomp_qr.cpp */,
				C76DCF731ABCDE49008961BB /* decomp_svd.h */,
				C76DCFC61ABCDE5A008961BB /* decomp_svd.cpp */,
				C76DCF741ABCDE49008961BB /* decomp_tools.h */,
				C76DCFC71ABCDE5A008961BB /* decomp_tools.cpp */,
				C76DCF751ABCDE49008961BB /* decomp_tridiag.h */,
				C76DCFC81ABCDE5A008961BB /* decomp_tridiag.cpp */,
				C76DCF761ABCDE49008961BB /* fft.h */,
				C76DCFC91ABCDE5A008961BB /* fft.cpp */,
				C76DCF771ABCDE49008961BB /* geometry.h */,
				C76DCFCA1ABCDE5A008961BB /* geometry.cpp */,
				C76DCF781ABCDE49008961BB /* matrix_io.h */,
				C76DCFCB1ABCDE5A008961BB /* matrix_io.cpp */,
				C76DCF791ABCDE49008961BB /* matrix_view.h */,
				C76DCF7A1ABCDE49008961BB /* matrix.h */,
				C76DCFCC1ABCDE5A008961BB /* matrix.cpp */,
				C76DCF7B1ABCDE49008961BB /* mem.h */,
				C76DCF7C1ABCDE49008961BB /* opt_bfgs.h */,
				C76DCFCD1ABCDE5A008961BB /* opt_bfgs.cpp */,
				C76DCF7D1ABCDE49008961BB /* opt_conjgrad.h */,
				C76DCFCE1ABCDE5A008961BB /* opt_conjgrad.cpp */,
				C76DCF7E1ABCDE49008961BB /* opt_lbfgs.h */,
				C76DCFCF1ABCDE5A008961BB /* opt_lbfgs.cpp */,
				C76DCF7F1ABCDE49008961BB /* opt_levmarq.h */,
				C76DCFD01ABCDE5A008961BB /* opt_levmarq.cpp */,
				C76DCF801ABCDE49008961BB /* opt_linemin.h */,
				C76DCFD11ABCDE5A008961BB /* opt_linemin.cpp */,
				C76DCF811ABCDE49008961BB /* opt_powell.h */,
				C76DCFD21ABCDE5A008961BB /* opt_powell.cpp */,
				C76DCF821ABCDE49008961BB /* opt_stochastic.h */,
				C76DCFD31ABCDE5A008961BB /* opt_stochastic.cpp */,
				C76DCF831ABCDE49008961BB /* opt_vstepgrad.h */,
				C76DCFD41ABCDE5A008961BB /* opt_vstepgrad.cpp */,
				C76DCF841ABCDE49008961BB /* permute.h */,
				C76DCFD51ABCDE5A008961BB /* permute.cpp */,
				C76DCF851ABCDE49008961BB /* quaternion.h */,
				C76DCFD61ABCDE5A008961BB /* quaternion.cpp */,
				C76DCF861ABCDE49008961BB /* random.h */,
				C76DCF871ABCDE49008961BB /* solve.h */,
				C76DCFD71ABCDE5A008961BB /* solve.cpp */,
				C76DCF881ABCDE49008961BB /* stats.h */,
				C76DCFD81ABCDE5A008961BB /* stats.cpp */,
				C76DCF891ABCDE49008961BB /* types.h */,
				C76DCF8A1ABCDE49008961BB /* utils.h */,
				C76DCFDA1ABCDE5A008961BB /* utils.cpp */,
				C76DCFD91ABCDE5A008961BB /* time.cpp */,
				C76DCF8B1ABCDE49008961BB /* vector_view.h */,
				C76DCF8C1ABCDE49008961BB /* vector.h */,
				C76DCFDB1ABCDE5A008961BB /* vector.cpp */,
			);
			name = Core;
			sourceTree = "<group>";
		};
		C76DCF5D1ABCDE01008961BB /* Test */ = {
			isa = PBXGroup;
			children = (
				C76DD00D1ABCDED7008961BB /* debughacks.cpp */,
			);
			name = Test;
			sourceTree = "<group>";
		};
		C76DCF5E1ABCDE06008961BB /* Vision */ = {
			isa = PBXGroup;
			children = (
				C76DD0051ABCDEB2008961BB /* meta_vision.h */,
				C76DD00B1ABCDECA008961BB /* image.h */,
				C76DD0071ABCDEC0008961BB /* image.cpp */,
				C76DD0081ABCDEC0008961BB /* vision.cpp */,
			);
			name = Vision;
			sourceTree = "<group>";
		};
		C76DCF5F1ABCDE0A008961BB /* Sound */ = {
			isa = PBXGroup;
			children = (
				C76DD0031ABCDEA7008961BB /* meta_sound.h */,
			);
			name = Sound;
			sourceTree = "<group>";
		};
		C76DCF601ABCDE10008961BB /* IO */ = {
			isa = PBXGroup;
			children = (
				C76DD0011ABCDE9E008961BB /* meta_io.h */,
			);
			name = IO;
			sourceTree = "<group>";
		};
		C7D9A35F1AA913560046ADBB = {
			isa = PBXGroup;
			children = (
				C726D1401ABBCB67008F0C00 /* CMakeLists.txt */,
				C7D9A3F51AA914180046ADBB /* LICENSE.txt */,
				C7D9A3F61AA914180046ADBB /* README.md */,
				C76DCF5C1ABCDDFA008961BB /* Core */,
				C76DCF601ABCDE10008961BB /* IO */,
				C76DCF5F1ABCDE0A008961BB /* Sound */,
				C76DCF5E1ABCDE06008961BB /* Vision */,
				C76DCF5D1ABCDE01008961BB /* Test */,
				C726D13F1ABBC912008F0C00 /* Doc */,
				C7D9A3691AA913560046ADBB /* Products */,
			);
			sourceTree = "<group>";
		};
		C7D9A3691AA913560046ADBB /* Products */ = {
			isa = PBXGroup;
			children = (
				C7D9A3681AA913560046ADBB /* libMetaphor.a */,
				C7D9A3FD1AA9155A0046ADBB /* DebugHacks */,
			);
			name = Products;
			sourceTree = "<group>";
		};
/* End PBXGroup section */

/* Begin PBXHeadersBuildPhase section */
		C7D9A3661AA913560046ADBB /* Headers */ = {
			isa = PBXHeadersBuildPhase;
			buildActionMask = 2147483647;
			files = (
				C76DCFB11ABCDE49008961BB /* solve.h in Headers */,
				C76DCFB41ABCDE49008961BB /* utils.h in Headers */,
				C76DCFAA1ABCDE49008961BB /* opt_linemin.h in Headers */,
				C76DCFA41ABCDE49008961BB /* matrix.h in Headers */,
				C76DCFA61ABCDE49008961BB /* opt_bfgs.h in Headers */,
				C76DCFAD1ABCDE49008961BB /* opt_vstepgrad.h in Headers */,
				C76DCF9A1ABCDE49008961BB /* decomp_eigen.h in Headers */,
				C76DCFA91ABCDE49008961BB /* opt_levmarq.h in Headers */,
				C76DCF9F1ABCDE49008961BB /* decomp_tridiag.h in Headers */,
				C76DCFA81ABCDE49008961BB /* opt_lbfgs.h in Headers */,
				C76DCFAC1ABCDE49008961BB /* opt_stochastic.h in Headers */,
				C76DCFAB1ABCDE49008961BB /* opt_powell.h in Headers */,
				C76DCF961ABCDE49008961BB /* block_tools.h in Headers */,
				C76DCF921ABCDE49008961BB /* block_generic.h in Headers */,
				C76DCF621ABCDE3A008961BB /* meta_core.h in Headers */,
				C76DCF951ABCDE49008961BB /* block_sort.h in Headers */,
				C76DCF9C1ABCDE49008961BB /* decomp_qr.h in Headers */,
				C76DD0021ABCDE9E008961BB /* meta_io.h in Headers */,
				C76DCFB01ABCDE49008961BB /* random.h in Headers */,
				C76DCFB51ABCDE49008961BB /* vector_view.h in Headers */,
				C76DD0041ABCDEA7008961BB /* meta_sound.h in Headers */,
				C76DCF901ABCDE49008961BB /* block_blas3.h in Headers */,
				C76DCFB31ABCDE49008961BB /* types.h in Headers */,
				C76DD00C1ABCDECA008961BB /* image.h in Headers */,
				C76DCFA11ABCDE49008961BB /* geometry.h in Headers */,
				C76DCF941ABCDE49008961BB /* block_reduce.h in Headers */,
				C76DCFA31ABCDE49008961BB /* matrix_view.h in Headers */,
				C76DCF9E1ABCDE49008961BB /* decomp_tools.h in Headers */,
				C76DCFA71ABCDE49008961BB /* opt_conjgrad.h in Headers */,
				C76DCF991ABCDE49008961BB /* decomp_cholesky.h in Headers */,
				C76DCFAE1ABCDE49008961BB /* permute.h in Headers */,
				C76DCFA51ABCDE49008961BB /* mem.h in Headers */,
				C76DCFAF1ABCDE49008961BB /* quaternion.h in Headers */,
				C76DCF8F1ABCDE49008961BB /* block_blas2.h in Headers */,
				C76DCF9D1ABCDE49008961BB /* decomp_svd.h in Headers */,
				C76DCF9B1ABCDE49008961BB /* decomp_lu.h in Headers */,
				C76DCF8D1ABCDE49008961BB /* block_binary.h in Headers */,
				C76DCFA01ABCDE49008961BB /* fft.h in Headers */,
				C76DCFB61ABCDE49008961BB /* vector.h in Headers */,
				C76DCFA21ABCDE49008961BB /* matrix_io.h in Headers */,
				C76DCF971ABCDE49008961BB /* block_unary.h in Headers */,
				C76DCF911ABCDE49008961BB /* block_convert.h in Headers */,
				C76DD0061ABCDEB2008961BB /* meta_vision.h in Headers */,
				C76DCF931ABCDE49008961BB /* block_loop.h in Headers */,
				C76DCFB21ABCDE49008961BB /* stats.h in Headers */,
				C76DCF981ABCDE49008961BB /* convolve.h in Headers */,
				C76DCF8E1ABCDE49008961BB /* block_blas1.h in Headers */,
			);
			runOnlyForDeploymentPostprocessing = 0;
		};
/* End PBXHeadersBuildPhase section */

/* Begin PBXNativeTarget section */
		C7D9A3671AA913560046ADBB /* Metaphor */ = {
			isa = PBXNativeTarget;
			buildConfigurationList = C7D9A36C1AA913560046ADBB /* Build configuration list for PBXNativeTarget "Metaphor" */;
			buildPhases = (
				C7D9A3641AA913560046ADBB /* Sources */,
				C7D9A3651AA913560046ADBB /* Frameworks */,
				C7D9A3661AA913560046ADBB /* Headers */,
			);
			buildRules = (
			);
			dependencies = (
			);
			name = Metaphor;
			productName = Metaphor;
			productReference = C7D9A3681AA913560046ADBB /* libMetaphor.a */;
			productType = "com.apple.product-type.library.static";
		};
		C7D9A3FC1AA9155A0046ADBB /* DebugHacks */ = {
			isa = PBXNativeTarget;
			buildConfigurationList = C7D9A4031AA9155A0046ADBB /* Build configuration list for PBXNativeTarget "DebugHacks" */;
			buildPhases = (
				C7D9A3F91AA9155A0046ADBB /* Sources */,
				C7D9A3FA1AA9155A0046ADBB /* Frameworks */,
				C7D9A3FB1AA9155A0046ADBB /* CopyFiles */,
			);
			buildRules = (
			);
			dependencies = (
				C7D9A40A1AA91CB20046ADBB /* PBXTargetDependency */,
			);
			name = DebugHacks;
			productName = DebugHacks;
			productReference = C7D9A3FD1AA9155A0046ADBB /* DebugHacks */;
			productType = "com.apple.product-type.tool";
		};
/* End PBXNativeTarget section */

/* Begin PBXProject section */
		C7D9A3601AA913560046ADBB /* Project object */ = {
			isa = PBXProject;
			attributes = {
				LastUpgradeCheck = 0620;
				ORGANIZATIONNAME = "Impressive Machines LLC";
				TargetAttributes = {
					C7D9A3671AA913560046ADBB = {
						CreatedOnToolsVersion = 6.1.1;
					};
					C7D9A3FC1AA9155A0046ADBB = {
						CreatedOnToolsVersion = 6.1.1;
					};
				};
			};
			buildConfigurationList = C7D9A3631AA913560046ADBB /* Build configuration list for PBXProject "Metaphor" */;
			compatibilityVersion = "Xcode 3.2";
			developmentRegion = English;
			hasScannedForEncodings = 0;
			knownRegions = (
				en,
			);
			mainGroup = C7D9A35F1AA913560046ADBB;
			productRefGroup = C7D9A3691AA913560046ADBB /* Products */;
			projectDirPath = "";
			projectRoot = "";
			targets = (
				C7D9A3671AA913560046ADBB /* Metaphor */,
				C7D9A3FC1AA9155A0046ADBB /* DebugHacks */,
			);
		};
/* End PBXProject section */

/* Begin PBXSourcesBuildPhase section */
		C7D9A3641AA913560046ADBB /* Sources */ = {
			isa = PBXSourcesBuildPhase;
			buildActionMask = 2147483647;
			files = (
				C76DCFF91ABCDE5A008961BB /* opt_vstepgrad.cpp in Sources */,
				C76DCFF71ABCDE5A008961BB /* opt_powell.cpp in Sources */,
				C76DCFF61ABCDE5A008961BB /* opt_linemin.cpp in Sources */,
				C76DCFDE1ABCDE5A008961BB /* block_blas2.cpp in Sources */,
				C76DCFEE1ABCDE5A008961BB /* fft.cpp in Sources */,
				C76DCFFB1ABCDE5A008961BB /* quaternion.cpp in Sources */,
				C76DCFE51ABCDE5A008961BB /* convolve.cpp in Sources */,
				C76DCFE81ABCDE5A008961BB /* decomp_eigen.cpp in Sources */,
				C76DCFFE1ABCDE5A008961BB /* time.cpp in Sources */,
				C76DCFEB1ABCDE5A008961BB /* decomp_svd.cpp in Sources */,
				C76DCFF21ABCDE5A008961BB /* opt_bfgs.cpp in Sources */,
				C76DCFEC1ABCDE5A008961BB /* decomp_tools.cpp in Sources */,
				C76DCFE11ABCDE5A008961BB /* block_reduce.cpp in Sources */,
				C76DD0091ABCDEC0008961BB /* image.cpp in Sources */,
				C76DCFF01ABCDE5A008961BB /* matrix_io.cpp in Sources */,
				C76DCFE91ABCDE5A008961BB /* decomp_lu.cpp in Sources */,
				C76DCFFF1ABCDE5A008961BB /* utils.cpp in Sources */,
				C76DCFE41ABCDE5A008961BB /* block_unary.cpp in Sources */,
				C76DCFED1ABCDE5A008961BB /* decomp_tridiag.cpp in Sources */,
				C76DCFDC1ABCDE5A008961BB /* block_binary.cpp in Sources */,
				C76DCFE71ABCDE5A008961BB /* decomp_cholesky.cpp in Sources */,
				C76DCFEA1ABCDE5A008961BB /* decomp_qr.cpp in Sources */,
				C76DCFEF1ABCDE5A008961BB /* geometry.cpp in Sources */,
				C76DCFE31ABCDE5A008961BB /* block_tools.cpp in Sources */,
				C76DCFDD1ABCDE5A008961BB /* block_blas1.cpp in Sources */,
				C76DCFF81ABCDE5A008961BB /* opt_stochastic.cpp in Sources */,
				C76DCFDF1ABCDE5A008961BB /* block_blas3.cpp in Sources */,
				C76DCFF41ABCDE5A008961BB /* opt_lbfgs.cpp in Sources */,
				C76DCFF51ABCDE5A008961BB /* opt_levmarq.cpp in Sources */,
				C76DCFF31ABCDE5A008961BB /* opt_conjgrad.cpp in Sources */,
				C76DCFF11ABCDE5A008961BB /* matrix.cpp in Sources */,
				C76DCFFC1ABCDE5A008961BB /* solve.cpp in Sources */,
				C76DCFFA1ABCDE5A008961BB /* permute.cpp in Sources */,
				C76DD0001ABCDE5A008961BB /* vector.cpp in Sources */,
				C76DCFE21ABCDE5A008961BB /* block_sort.cpp in Sources */,
				C76DCFE61ABCDE5A008961BB /* core.cpp in Sources */,
				C76DCFE01ABCDE5A008961BB /* block_convert.cpp in Sources */,
				C76DCFFD1ABCDE5A008961BB /* stats.cpp in Sources */,
				C76DD00A1ABCDEC0008961BB /* vision.cpp in Sources */,
			);
			runOnlyForDeploymentPostprocessing = 0;
		};
		C7D9A3F91AA9155A0046ADBB /* Sources */ = {
			isa = PBXSourcesBuildPhase;
			buildActionMask = 2147483647;
			files = (
				C76DD00E1ABCDED7008961BB /* debughacks.cpp in Sources */,
			);
			runOnlyForDeploymentPostprocessing = 0;
		};
/* End PBXSourcesBuildPhase section */

/* Begin PBXTargetDependency section */
		C7D9A40A1AA91CB20046ADBB /* PBXTargetDependency */ = {
			isa = PBXTargetDependency;
			target = C7D9A3671AA913560046ADBB /* Metaphor */;
			targetProxy = C7D9A4091AA91CB20046ADBB /* PBXContainerItemProxy */;
		};
/* End PBXTargetDependency section */

/* Begin XCBuildConfiguration section */
		C7D9A36A1AA913560046ADBB /* Debug */ = {
			isa = XCBuildConfiguration;
			buildSettings = {
				ALWAYS_SEARCH_USER_PATHS = NO;
				CLANG_CXX_LANGUAGE_STANDARD = "gnu++0x";
				CLANG_CXX_LIBRARY = "libc++";
				CLANG_ENABLE_MODULES = YES;
				CLANG_ENABLE_OBJC_ARC = YES;
				CLANG_WARN_BOOL_CONVERSION = YES;
				CLANG_WARN_CONSTANT_CONVERSION = YES;
				CLANG_WARN_DIRECT_OBJC_ISA_USAGE = YES_ERROR;
				CLANG_WARN_EMPTY_BODY = YES;
				CLANG_WARN_ENUM_CONVERSION = YES;
				CLANG_WARN_INT_CONVERSION = YES;
				CLANG_WARN_OBJC_ROOT_CLASS = YES_ERROR;
				CLANG_WARN_UNREACHABLE_CODE = YES;
				CLANG_WARN__DUPLICATE_METHOD_MATCH = YES;
				COPY_PHASE_STRIP = NO;
				ENABLE_STRICT_OBJC_MSGSEND = YES;
				GCC_C_LANGUAGE_STANDARD = gnu99;
				GCC_DYNAMIC_NO_PIC = NO;
				GCC_OPTIMIZATION_LEVEL = 0;
				GCC_PREPROCESSOR_DEFINITIONS = (
					"DEBUG=1",
					"$(inherited)",
				);
				GCC_SYMBOLS_PRIVATE_EXTERN = NO;
				GCC_WARN_64_TO_32_BIT_CONVERSION = YES;
				GCC_WARN_ABOUT_RETURN_TYPE = YES_ERROR;
				GCC_WARN_UNDECLARED_SELECTOR = YES;
				GCC_WARN_UNINITIALIZED_AUTOS = YES_AGGRESSIVE;
				GCC_WARN_UNUSED_FUNCTION = YES;
				GCC_WARN_UNUSED_VARIABLE = YES;
				MACOSX_DEPLOYMENT_TARGET = 10.10;
				MTL_ENABLE_DEBUG_INFO = YES;
				ONLY_ACTIVE_ARCH = YES;
				SDKROOT = macosx;
			};
			name = Debug;
		};
		C7D9A36B1AA913560046ADBB /* Release */ = {
			isa = XCBuildConfiguration;
			buildSettings = {
				ALWAYS_SEARCH_USER_PATHS = NO;
				CLANG_CXX_LANGUAGE_STANDARD = "gnu++0x";
				CLANG_CXX_LIBRARY = "libc++";
				CLANG_ENABLE_MODULES = YES;
				CLANG_ENABLE_OBJC_ARC = YES;
				CLANG_WARN_BOOL_CONVERSION = YES;
				CLANG_WARN_CONSTANT_CONVERSION = YES;
				CLANG_WARN_DIRECT_OBJC_ISA_USAGE = YES_ERROR;
				CLANG_WARN_EMPTY_BODY = YES;
				CLANG_WARN_ENUM_CONVERSION = YES;
				CLANG_WARN_INT_CONVERSION = YES;
				CLANG_WARN_OBJC_ROOT_CLASS = YES_ERROR;
				CLANG_WARN_UNREACHABLE_CODE = YES;
				CLANG_WARN__DUPLICATE_METHOD_MATCH = YES;
				COPY_PHASE_STRIP = YES;
				DEBUG_INFORMATION_FORMAT = "dwarf-with-dsym";
				ENABLE_NS_ASSERTIONS = NO;
				ENABLE_STRICT_OBJC_MSGSEND = YES;
				GCC_C_LANGUAGE_STANDARD = gnu99;
				GCC_WARN_64_TO_32_BIT_CONVERSION = YES;
				GCC_WARN_ABOUT_RETURN_TYPE = YES_ERROR;
				GCC_WARN_UNDECLARED_SELECTOR = YES;
				GCC_WARN_UNINITIALIZED_AUTOS = YES_AGGRESSIVE;
				GCC_WARN_UNUSED_FUNCTION = YES;
				GCC_WARN_UNUSED_VARIABLE = YES;
				MACOSX_DEPLOYMENT_TARGET = 10.10;
				MTL_ENABLE_DEBUG_INFO = NO;
				SDKROOT = macosx;
			};
			name = Release;
		};
		C7D9A36D1AA913560046ADBB /* Debug */ = {
			isa = XCBuildConfiguration;
			buildSettings = {
				COMBINE_HIDPI_IMAGES = YES;
				EXECUTABLE_PREFIX = lib;
				PRODUCT_NAME = "$(TARGET_NAME)";
			};
			name = Debug;
		};
		C7D9A36E1AA913560046ADBB /* Release */ = {
			isa = XCBuildConfiguration;
			buildSettings = {
				COMBINE_HIDPI_IMAGES = YES;
				EXECUTABLE_PREFIX = lib;
				PRODUCT_NAME = "$(TARGET_NAME)";
			};
			name = Release;
		};
		C7D9A4011AA9155A0046ADBB /* Debug */ = {
			isa = XCBuildConfiguration;
			buildSettings = {
				GCC_PREPROCESSOR_DEFINITIONS = (
					"DEBUG=1",
					"$(inherited)",
				);
				PRODUCT_NAME = "$(TARGET_NAME)";
			};
			name = Debug;
		};
		C7D9A4021AA9155A0046ADBB /* Release */ = {
			isa = XCBuildConfiguration;
			buildSettings = {
				PRODUCT_NAME = "$(TARGET_NAME)";
			};
			name = Release;
		};
/* End XCBuildConfiguration section */

/* Begin XCConfigurationList section */
		C7D9A3631AA913560046ADBB /* Build configuration list for PBXProject "Metaphor" */ = {
			isa = XCConfigurationList;
			buildConfigurations = (
				C7D9A36A1AA913560046ADBB /* Debug */,
				C7D9A36B1AA913560046ADBB /* Release */,
			);
			defaultConfigurationIsVisible = 0;
			defaultConfigurationName = Release;
		};
		C7D9A36C1AA913560046ADBB /* Build configuration list for PBXNativeTarget "Metaphor" */ = {
			isa = XCConfigurationList;
			buildConfigurations = (
				C7D9A36D1AA913560046ADBB /* Debug */,
				C7D9A36E1AA913560046ADBB /* Release */,
			);
			defaultConfigurationIsVisible = 0;
			defaultConfigurationName = Release;
		};
		C7D9A4031AA9155A0046ADBB /* Build configuration list for PBXNativeTarget "DebugHacks" */ = {
			isa = XCConfigurationList;
			buildConfigurations = (
				C7D9A4011AA9155A0046ADBB /* Debug */,
				C7D9A4021AA9155A0046ADBB /* Release */,
			);
			defaultConfigurationIsVisible = 0;
			defaultConfigurationName = Release;
		};
/* End XCConfigurationList section */
	};
	rootObject = C7D9A3601AA913560046ADBB /* Project object */;
}
